// !$*UTF8*$!
{
	archiveVersion = 1;
	classes = {
	};
	objectVersion = 46;
	objects = {

/* Begin PBXBuildFile section */
		040917511DCC1FE500DB2568 /* ZLSearchArearView.m in Sources */ = {isa = PBXBuildFile; fileRef = 0409174F1DCC1FE500DB2568 /* ZLSearchArearView.m */; };
		040917521DCC1FE500DB2568 /* ZLSearchArearView.xib in Resources */ = {isa = PBXBuildFile; fileRef = 040917501DCC1FE500DB2568 /* ZLSearchArearView.xib */; };
		040917561DCC2C1A00DB2568 /* ZLSuperMarketViewController.m in Sources */ = {isa = PBXBuildFile; fileRef = 040917551DCC2C1A00DB2568 /* ZLSuperMarketViewController.m */; };
		0409175A1DCC313500DB2568 /* ZLSupMarketCell.m in Sources */ = {isa = PBXBuildFile; fileRef = 040917591DCC313500DB2568 /* ZLSupMarketCell.m */; };
		0409175E1DCC336000DB2568 /* ZLSuperMarketShopCell.m in Sources */ = {isa = PBXBuildFile; fileRef = 0409175C1DCC336000DB2568 /* ZLSuperMarketShopCell.m */; };
		0409175F1DCC336000DB2568 /* ZLSuperMarketShopCell.xib in Resources */ = {isa = PBXBuildFile; fileRef = 0409175D1DCC336000DB2568 /* ZLSuperMarketShopCell.xib */; };
		040917611DCC371D00DB2568 /* ZLSuperMarketShopActivityCell1.xib in Resources */ = {isa = PBXBuildFile; fileRef = 040917601DCC371D00DB2568 /* ZLSuperMarketShopActivityCell1.xib */; };
		040917631DCC372A00DB2568 /* ZLSuperMarketShopActivityCell2.xib in Resources */ = {isa = PBXBuildFile; fileRef = 040917621DCC372A00DB2568 /* ZLSuperMarketShopActivityCell2.xib */; };
		040917661DCC39D400DB2568 /* ZLSuperMarketHeaderSectionView.m in Sources */ = {isa = PBXBuildFile; fileRef = 040917651DCC39D400DB2568 /* ZLSuperMarketHeaderSectionView.m */; };
		040917681DCC39DE00DB2568 /* ZLSuperMarketHeaderSectionView.xib in Resources */ = {isa = PBXBuildFile; fileRef = 040917671DCC39DE00DB2568 /* ZLSuperMarketHeaderSectionView.xib */; };
		0409176C1DCC55C300DB2568 /* RKImageBrowser.m in Sources */ = {isa = PBXBuildFile; fileRef = 0409176B1DCC55C300DB2568 /* RKImageBrowser.m */; };
		0409176F1DCC5E0700DB2568 /* ZLSuperMarketSearchView.m in Sources */ = {isa = PBXBuildFile; fileRef = 0409176E1DCC5E0700DB2568 /* ZLSuperMarketSearchView.m */; };
		040917711DCC5E1000DB2568 /* ZLSuperMarketSearchView.xib in Resources */ = {isa = PBXBuildFile; fileRef = 040917701DCC5E1000DB2568 /* ZLSuperMarketSearchView.xib */; };
		040917751DCC60FA00DB2568 /* ZLSuperMarketSearchViewController.m in Sources */ = {isa = PBXBuildFile; fileRef = 040917741DCC60FA00DB2568 /* ZLSuperMarketSearchViewController.m */; };
		040917791DCC664300DB2568 /* ZLSuperMarketShopViewController.m in Sources */ = {isa = PBXBuildFile; fileRef = 040917781DCC664300DB2568 /* ZLSuperMarketShopViewController.m */; };
		0409177D1DCC679900DB2568 /* ZLSuperMarketHeaderView.m in Sources */ = {isa = PBXBuildFile; fileRef = 0409177C1DCC679900DB2568 /* ZLSuperMarketHeaderView.m */; };
		0409177F1DCC67A100DB2568 /* ZLSuperMarketHeaderView.xib in Resources */ = {isa = PBXBuildFile; fileRef = 0409177E1DCC67A100DB2568 /* ZLSuperMarketHeaderView.xib */; };
		040917831DCC904B00DB2568 /* ZLSuperMarketShopLeftCellType.m in Sources */ = {isa = PBXBuildFile; fileRef = 040917811DCC904B00DB2568 /* ZLSuperMarketShopLeftCellType.m */; };
		040917841DCC904B00DB2568 /* ZLSuperMarketShopLeftCellType.xib in Resources */ = {isa = PBXBuildFile; fileRef = 040917821DCC904B00DB2568 /* ZLSuperMarketShopLeftCellType.xib */; };
		0409178A1DCC919200DB2568 /* ZLSuperMarketShopRightCell.m in Sources */ = {isa = PBXBuildFile; fileRef = 040917881DCC919200DB2568 /* ZLSuperMarketShopRightCell.m */; };
		0409178B1DCC919200DB2568 /* ZLSuperMarketShopRightCell.xib in Resources */ = {isa = PBXBuildFile; fileRef = 040917891DCC919200DB2568 /* ZLSuperMarketShopRightCell.xib */; };
		0409178E1DCCA9D500DB2568 /* ZLSuperMarketShopCarView.m in Sources */ = {isa = PBXBuildFile; fileRef = 0409178D1DCCA9D500DB2568 /* ZLSuperMarketShopCarView.m */; };
		040917901DCCA9E800DB2568 /* ZLSuperMarketShopCarView.xib in Resources */ = {isa = PBXBuildFile; fileRef = 0409178F1DCCA9E800DB2568 /* ZLSuperMarketShopCarView.xib */; };
		040D92F41DCAE15300DBE42E /* ZLHomeMessageViewController.m in Sources */ = {isa = PBXBuildFile; fileRef = 040D92F31DCAE15300DBE42E /* ZLHomeMessageViewController.m */; };
		040D92F91DCAE34E00DBE42E /* ZLHomeMSGCell.m in Sources */ = {isa = PBXBuildFile; fileRef = 040D92F71DCAE34E00DBE42E /* ZLHomeMSGCell.m */; };
		040D92FA1DCAE34E00DBE42E /* ZLHomeMSGCell.xib in Resources */ = {isa = PBXBuildFile; fileRef = 040D92F81DCAE34E00DBE42E /* ZLHomeMSGCell.xib */; };
		040D92FD1DCAE82000DBE42E /* ZLHomeMessageDetailViewController.m in Sources */ = {isa = PBXBuildFile; fileRef = 040D92FC1DCAE82000DBE42E /* ZLHomeMessageDetailViewController.m */; };
		040D92FF1DCAE84300DBE42E /* ZLHomeMsgDetailCell.xib in Resources */ = {isa = PBXBuildFile; fileRef = 040D92FE1DCAE84300DBE42E /* ZLHomeMsgDetailCell.xib */; };
		04162DF81DCB2C9300FB4229 /* ZLHomeCoupCell.m in Sources */ = {isa = PBXBuildFile; fileRef = 04162DF61DCB2C9300FB4229 /* ZLHomeCoupCell.m */; };
		04162DF91DCB2C9300FB4229 /* ZLHomeCoupCell.xib in Resources */ = {isa = PBXBuildFile; fileRef = 04162DF71DCB2C9300FB4229 /* ZLHomeCoupCell.xib */; };
		04162DFF1DCB545200FB4229 /* ChineseToPinyin.m in Sources */ = {isa = PBXBuildFile; fileRef = 04162DFC1DCB545200FB4229 /* ChineseToPinyin.m */; };
		04162E001DCB545200FB4229 /* HeaderView.m in Sources */ = {isa = PBXBuildFile; fileRef = 04162DFE1DCB545200FB4229 /* HeaderView.m */; };
		049D49081DB75CCD005A1038 /* libz.tbd in Frameworks */ = {isa = PBXBuildFile; fileRef = 049D49071DB75CCD005A1038 /* libz.tbd */; };
		049D490A1DB75CDA005A1038 /* libsqlite3.tbd in Frameworks */ = {isa = PBXBuildFile; fileRef = 049D49091DB75CDA005A1038 /* libsqlite3.tbd */; };
		049D490C1DB75CE0005A1038 /* SystemConfiguration.framework in Frameworks */ = {isa = PBXBuildFile; fileRef = 049D490B1DB75CE0005A1038 /* SystemConfiguration.framework */; };
		049D490E1DB75CE9005A1038 /* CoreTelephony.framework in Frameworks */ = {isa = PBXBuildFile; fileRef = 049D490D1DB75CE9005A1038 /* CoreTelephony.framework */; };
		049D49101DB75CEF005A1038 /* AdSupport.framework in Frameworks */ = {isa = PBXBuildFile; fileRef = 049D490F1DB75CEF005A1038 /* AdSupport.framework */; };
		049D492C1DB76CC7005A1038 /* QuartzCore.framework in Frameworks */ = {isa = PBXBuildFile; fileRef = 049D492B1DB76CC7005A1038 /* QuartzCore.framework */; };
		04C6A3731DCB07B9002C4D4A /* Util.m in Sources */ = {isa = PBXBuildFile; fileRef = 04C6A3721DCB07B9002C4D4A /* Util.m */; };
		04C6A3761DCB0874002C4D4A /* keyChain.m in Sources */ = {isa = PBXBuildFile; fileRef = 04C6A3751DCB0874002C4D4A /* keyChain.m */; };
		04C6A37E1DCB08AF002C4D4A /* NSData+Base64.m in Sources */ = {isa = PBXBuildFile; fileRef = 04C6A3791DCB08AF002C4D4A /* NSData+Base64.m */; };
		04C6A37F1DCB08AF002C4D4A /* private_key.p12 in Resources */ = {isa = PBXBuildFile; fileRef = 04C6A37A1DCB08AF002C4D4A /* private_key.p12 */; };
		04C6A3801DCB08AF002C4D4A /* public_key.der in Resources */ = {isa = PBXBuildFile; fileRef = 04C6A37B1DCB08AF002C4D4A /* public_key.der */; };
		04C6A3811DCB08AF002C4D4A /* RSAEncryptor.m in Sources */ = {isa = PBXBuildFile; fileRef = 04C6A37D1DCB08AF002C4D4A /* RSAEncryptor.m */; };
		04C6A3841DCB11A4002C4D4A /* UIViewExt.m in Sources */ = {isa = PBXBuildFile; fileRef = 04C6A3831DCB11A4002C4D4A /* UIViewExt.m */; };
		04CBF0251DC19EFD0098BF52 /* CFNetwork.framework in Frameworks */ = {isa = PBXBuildFile; fileRef = 04CBF0241DC19EFD0098BF52 /* CFNetwork.framework */; };
		04CBF0271DC19F090098BF52 /* CoreFoundation.framework in Frameworks */ = {isa = PBXBuildFile; fileRef = 04CBF0261DC19F090098BF52 /* CoreFoundation.framework */; };
		04CBF0291DC19F190098BF52 /* CoreGraphics.framework in Frameworks */ = {isa = PBXBuildFile; fileRef = 04CBF0281DC19F190098BF52 /* CoreGraphics.framework */; };
		04CBF02B1DC19F220098BF52 /* Foundation.framework in Frameworks */ = {isa = PBXBuildFile; fileRef = 04CBF02A1DC19F220098BF52 /* Foundation.framework */; };
		04CBF02D1DC19F2A0098BF52 /* UIKit.framework in Frameworks */ = {isa = PBXBuildFile; fileRef = 04CBF02C1DC19F2A0098BF52 /* UIKit.framework */; };
		04CBF02F1DC19F310098BF52 /* Security.framework in Frameworks */ = {isa = PBXBuildFile; fileRef = 04CBF02E1DC19F310098BF52 /* Security.framework */; };
		04CBF0311DC19F430098BF52 /* UserNotifications.framework in Frameworks */ = {isa = PBXBuildFile; fileRef = 04CBF0301DC19F430098BF52 /* UserNotifications.framework */; };
		04D64D641DC9C16D004E8859 /* ZLSelectArearViewController.m in Sources */ = {isa = PBXBuildFile; fileRef = 04D64D631DC9C16D004E8859 /* ZLSelectArearViewController.m */; };
		04D64D681DC9CC7B004E8859 /* ZLCustomBtnView.m in Sources */ = {isa = PBXBuildFile; fileRef = 04D64D671DC9CC7B004E8859 /* ZLCustomBtnView.m */; };
		04D64D6C1DC9CCA5004E8859 /* ZLHomeLocationView.m in Sources */ = {isa = PBXBuildFile; fileRef = 04D64D6A1DC9CCA5004E8859 /* ZLHomeLocationView.m */; };
		04D64D6D1DC9CCA5004E8859 /* ZLHomeLocationView.xib in Resources */ = {isa = PBXBuildFile; fileRef = 04D64D6B1DC9CCA5004E8859 /* ZLHomeLocationView.xib */; };
		04D64D741DC9CCDC004E8859 /* ZLHomeOtherCell.m in Sources */ = {isa = PBXBuildFile; fileRef = 04D64D701DC9CCDC004E8859 /* ZLHomeOtherCell.m */; };
		04D64D751DC9CCDC004E8859 /* ZLHomeOtherCell.xib in Resources */ = {isa = PBXBuildFile; fileRef = 04D64D711DC9CCDC004E8859 /* ZLHomeOtherCell.xib */; };
		04D64D761DC9CCDC004E8859 /* ZLHomeScrollerTableViewCell.m in Sources */ = {isa = PBXBuildFile; fileRef = 04D64D731DC9CCDC004E8859 /* ZLHomeScrollerTableViewCell.m */; };
		04D64D7A1DC9CD35004E8859 /* ZLHomeCoupView.m in Sources */ = {isa = PBXBuildFile; fileRef = 04D64D791DC9CD35004E8859 /* ZLHomeCoupView.m */; };
		04D64D7C1DC9CDA4004E8859 /* ZlHomeCoupView.xib in Resources */ = {isa = PBXBuildFile; fileRef = 04D64D7B1DC9CDA4004E8859 /* ZlHomeCoupView.xib */; };
		92AF8AA63E2B8C882D0429B1 /* libPods-ZeroLifeClient.a in Frameworks */ = {isa = PBXBuildFile; fileRef = 339DEB89053AF616C6AD0FF3 /* libPods-ZeroLifeClient.a */; };
		DF0308851DCD65C700E1EAB6 /* SystemSettingVC.m in Sources */ = {isa = PBXBuildFile; fileRef = DF0308841DCD65C700E1EAB6 /* SystemSettingVC.m */; };
		DF0308881DCD67ED00E1EAB6 /* UserInfoVC.m in Sources */ = {isa = PBXBuildFile; fileRef = DF0308871DCD67ED00E1EAB6 /* UserInfoVC.m */; };
		DF03088D1DCD698900E1EAB6 /* QUPickPhoto.m in Sources */ = {isa = PBXBuildFile; fileRef = DF03088A1DCD698900E1EAB6 /* QUPickPhoto.m */; };
		DF03088E1DCD698900E1EAB6 /* NSObject+PickPhoto.m in Sources */ = {isa = PBXBuildFile; fileRef = DF03088C1DCD698900E1EAB6 /* NSObject+PickPhoto.m */; };
		DF0308911DCD69DC00E1EAB6 /* UIViewController+Additions.m in Sources */ = {isa = PBXBuildFile; fileRef = DF0308901DCD69DC00E1EAB6 /* UIViewController+Additions.m */; };
		DF55B4611DBAFE5800F89341 /* ZLCookViewController.m in Sources */ = {isa = PBXBuildFile; fileRef = DF55B45F1DBAFE5800F89341 /* ZLCookViewController.m */; };
		DF55B4641DBAFE6000F89341 /* ZLHomeViewController.m in Sources */ = {isa = PBXBuildFile; fileRef = DF55B4621DBAFE6000F89341 /* ZLHomeViewController.m */; };
		DF55B4671DBAFE6D00F89341 /* ZLPurseViewController.m in Sources */ = {isa = PBXBuildFile; fileRef = DF55B4651DBAFE6D00F89341 /* ZLPurseViewController.m */; };
		DF55B46A1DBAFE7700F89341 /* ZLUserViewController.m in Sources */ = {isa = PBXBuildFile; fileRef = DF55B4681DBAFE7700F89341 /* ZLUserViewController.m */; };
		DF55B46F1DBAFEAC00F89341 /* ZLTabBarViewController.m in Sources */ = {isa = PBXBuildFile; fileRef = DF55B46B1DBAFEAC00F89341 /* ZLTabBarViewController.m */; };
		DF55B4701DBAFEAC00F89341 /* ZLNavViewController.m in Sources */ = {isa = PBXBuildFile; fileRef = DF55B46D1DBAFEAC00F89341 /* ZLNavViewController.m */; };
		DF5C49031DBA1BEC006E4825 /* DCPicScrollView.m in Sources */ = {isa = PBXBuildFile; fileRef = DF5C49001DBA1BEC006E4825 /* DCPicScrollView.m */; };
		DF5C49041DBA1BEC006E4825 /* DCWebImageManager.m in Sources */ = {isa = PBXBuildFile; fileRef = DF5C49021DBA1BEC006E4825 /* DCWebImageManager.m */; };
		DF7D0A151DB9FFF0005A62A7 /* APIClient.m in Sources */ = {isa = PBXBuildFile; fileRef = DF7D0A141DB9FFF0005A62A7 /* APIClient.m */; };
		DF7D0A1C1DBA0019005A62A7 /* CookCategoryTVC.m in Sources */ = {isa = PBXBuildFile; fileRef = DF7D0A171DBA0019005A62A7 /* CookCategoryTVC.m */; };
		DF7D0A1D1DBA0019005A62A7 /* CookTVC.m in Sources */ = {isa = PBXBuildFile; fileRef = DF7D0A191DBA0019005A62A7 /* CookTVC.m */; };
		DF7D0A1E1DBA0019005A62A7 /* CookDetailVC.m in Sources */ = {isa = PBXBuildFile; fileRef = DF7D0A1B1DBA0019005A62A7 /* CookDetailVC.m */; };
		DF7D0A231DBA0023005A62A7 /* ImageTextTableViewCell.m in Sources */ = {isa = PBXBuildFile; fileRef = DF7D0A201DBA0023005A62A7 /* ImageTextTableViewCell.m */; };
		DF7D0A241DBA0023005A62A7 /* TagsTableCell.m in Sources */ = {isa = PBXBuildFile; fileRef = DF7D0A221DBA0023005A62A7 /* TagsTableCell.m */; };
		DFF634C11DB873D200B5C917 /* ScrollModelVC.m in Sources */ = {isa = PBXBuildFile; fileRef = DFF634C01DB873D200B5C917 /* ScrollModelVC.m */; };
		DFFAA7341DB744C5001CFBB5 /* main.m in Sources */ = {isa = PBXBuildFile; fileRef = DFFAA7331DB744C5001CFBB5 /* main.m */; };
		DFFAA7371DB744C5001CFBB5 /* AppDelegate.m in Sources */ = {isa = PBXBuildFile; fileRef = DFFAA7361DB744C5001CFBB5 /* AppDelegate.m */; };
		DFFAA73A1DB744C5001CFBB5 /* ViewController.m in Sources */ = {isa = PBXBuildFile; fileRef = DFFAA7391DB744C5001CFBB5 /* ViewController.m */; };
		DFFAA73D1DB744C5001CFBB5 /* Main.storyboard in Resources */ = {isa = PBXBuildFile; fileRef = DFFAA73B1DB744C5001CFBB5 /* Main.storyboard */; };
		DFFAA73F1DB744C5001CFBB5 /* Assets.xcassets in Resources */ = {isa = PBXBuildFile; fileRef = DFFAA73E1DB744C5001CFBB5 /* Assets.xcassets */; };
		DFFAA7421DB744C5001CFBB5 /* LaunchScreen.storyboard in Resources */ = {isa = PBXBuildFile; fileRef = DFFAA7401DB744C5001CFBB5 /* LaunchScreen.storyboard */; };
		DFFAA7621DB744EF001CFBB5 /* APIObjectDefine.m in Sources */ = {isa = PBXBuildFile; fileRef = DFFAA7571DB744EF001CFBB5 /* APIObjectDefine.m */; };
		DFFAA7631DB744EF001CFBB5 /* UIView+AutoSize.m in Sources */ = {isa = PBXBuildFile; fileRef = DFFAA75B1DB744EF001CFBB5 /* UIView+AutoSize.m */; };
		DFFAA7641DB744EF001CFBB5 /* CustomScrollVC.m in Sources */ = {isa = PBXBuildFile; fileRef = DFFAA75F1DB744EF001CFBB5 /* CustomScrollVC.m */; };
		DFFAA7651DB744EF001CFBB5 /* CustomVC.m in Sources */ = {isa = PBXBuildFile; fileRef = DFFAA7611DB744EF001CFBB5 /* CustomVC.m */; };
/* End PBXBuildFile section */

/* Begin PBXFileReference section */
		0409174E1DCC1FE500DB2568 /* ZLSearchArearView.h */ = {isa = PBXFileReference; fileEncoding = 4; lastKnownFileType = sourcecode.c.h; path = ZLSearchArearView.h; sourceTree = "<group>"; };
		0409174F1DCC1FE500DB2568 /* ZLSearchArearView.m */ = {isa = PBXFileReference; fileEncoding = 4; lastKnownFileType = sourcecode.c.objc; path = ZLSearchArearView.m; sourceTree = "<group>"; };
		040917501DCC1FE500DB2568 /* ZLSearchArearView.xib */ = {isa = PBXFileReference; fileEncoding = 4; lastKnownFileType = file.xib; path = ZLSearchArearView.xib; sourceTree = "<group>"; };
		040917541DCC2C1A00DB2568 /* ZLSuperMarketViewController.h */ = {isa = PBXFileReference; fileEncoding = 4; lastKnownFileType = sourcecode.c.h; path = ZLSuperMarketViewController.h; sourceTree = "<group>"; };
		040917551DCC2C1A00DB2568 /* ZLSuperMarketViewController.m */ = {isa = PBXFileReference; fileEncoding = 4; lastKnownFileType = sourcecode.c.objc; path = ZLSuperMarketViewController.m; sourceTree = "<group>"; };
		040917581DCC313500DB2568 /* ZLSupMarketCell.h */ = {isa = PBXFileReference; fileEncoding = 4; lastKnownFileType = sourcecode.c.h; path = ZLSupMarketCell.h; sourceTree = "<group>"; };
		040917591DCC313500DB2568 /* ZLSupMarketCell.m */ = {isa = PBXFileReference; fileEncoding = 4; lastKnownFileType = sourcecode.c.objc; path = ZLSupMarketCell.m; sourceTree = "<group>"; };
		0409175B1DCC336000DB2568 /* ZLSuperMarketShopCell.h */ = {isa = PBXFileReference; fileEncoding = 4; lastKnownFileType = sourcecode.c.h; path = ZLSuperMarketShopCell.h; sourceTree = "<group>"; };
		0409175C1DCC336000DB2568 /* ZLSuperMarketShopCell.m */ = {isa = PBXFileReference; fileEncoding = 4; lastKnownFileType = sourcecode.c.objc; path = ZLSuperMarketShopCell.m; sourceTree = "<group>"; };
		0409175D1DCC336000DB2568 /* ZLSuperMarketShopCell.xib */ = {isa = PBXFileReference; fileEncoding = 4; lastKnownFileType = file.xib; path = ZLSuperMarketShopCell.xib; sourceTree = "<group>"; };
		040917601DCC371D00DB2568 /* ZLSuperMarketShopActivityCell1.xib */ = {isa = PBXFileReference; fileEncoding = 4; lastKnownFileType = file.xib; path = ZLSuperMarketShopActivityCell1.xib; sourceTree = "<group>"; };
		040917621DCC372A00DB2568 /* ZLSuperMarketShopActivityCell2.xib */ = {isa = PBXFileReference; fileEncoding = 4; lastKnownFileType = file.xib; path = ZLSuperMarketShopActivityCell2.xib; sourceTree = "<group>"; };
		040917641DCC39D400DB2568 /* ZLSuperMarketHeaderSectionView.h */ = {isa = PBXFileReference; fileEncoding = 4; lastKnownFileType = sourcecode.c.h; path = ZLSuperMarketHeaderSectionView.h; sourceTree = "<group>"; };
		040917651DCC39D400DB2568 /* ZLSuperMarketHeaderSectionView.m */ = {isa = PBXFileReference; fileEncoding = 4; lastKnownFileType = sourcecode.c.objc; path = ZLSuperMarketHeaderSectionView.m; sourceTree = "<group>"; };
		040917671DCC39DE00DB2568 /* ZLSuperMarketHeaderSectionView.xib */ = {isa = PBXFileReference; fileEncoding = 4; lastKnownFileType = file.xib; path = ZLSuperMarketHeaderSectionView.xib; sourceTree = "<group>"; };
		0409176A1DCC55C300DB2568 /* RKImageBrowser.h */ = {isa = PBXFileReference; fileEncoding = 4; lastKnownFileType = sourcecode.c.h; path = RKImageBrowser.h; sourceTree = "<group>"; };
		0409176B1DCC55C300DB2568 /* RKImageBrowser.m */ = {isa = PBXFileReference; fileEncoding = 4; lastKnownFileType = sourcecode.c.objc; path = RKImageBrowser.m; sourceTree = "<group>"; };
		0409176D1DCC5E0700DB2568 /* ZLSuperMarketSearchView.h */ = {isa = PBXFileReference; fileEncoding = 4; lastKnownFileType = sourcecode.c.h; path = ZLSuperMarketSearchView.h; sourceTree = "<group>"; };
		0409176E1DCC5E0700DB2568 /* ZLSuperMarketSearchView.m */ = {isa = PBXFileReference; fileEncoding = 4; lastKnownFileType = sourcecode.c.objc; path = ZLSuperMarketSearchView.m; sourceTree = "<group>"; };
		040917701DCC5E1000DB2568 /* ZLSuperMarketSearchView.xib */ = {isa = PBXFileReference; fileEncoding = 4; lastKnownFileType = file.xib; path = ZLSuperMarketSearchView.xib; sourceTree = "<group>"; };
		040917731DCC60FA00DB2568 /* ZLSuperMarketSearchViewController.h */ = {isa = PBXFileReference; fileEncoding = 4; lastKnownFileType = sourcecode.c.h; path = ZLSuperMarketSearchViewController.h; sourceTree = "<group>"; };
		040917741DCC60FA00DB2568 /* ZLSuperMarketSearchViewController.m */ = {isa = PBXFileReference; fileEncoding = 4; lastKnownFileType = sourcecode.c.objc; path = ZLSuperMarketSearchViewController.m; sourceTree = "<group>"; };
		040917771DCC664300DB2568 /* ZLSuperMarketShopViewController.h */ = {isa = PBXFileReference; fileEncoding = 4; lastKnownFileType = sourcecode.c.h; path = ZLSuperMarketShopViewController.h; sourceTree = "<group>"; };
		040917781DCC664300DB2568 /* ZLSuperMarketShopViewController.m */ = {isa = PBXFileReference; fileEncoding = 4; lastKnownFileType = sourcecode.c.objc; path = ZLSuperMarketShopViewController.m; sourceTree = "<group>"; };
		0409177B1DCC679900DB2568 /* ZLSuperMarketHeaderView.h */ = {isa = PBXFileReference; fileEncoding = 4; lastKnownFileType = sourcecode.c.h; path = ZLSuperMarketHeaderView.h; sourceTree = "<group>"; };
		0409177C1DCC679900DB2568 /* ZLSuperMarketHeaderView.m */ = {isa = PBXFileReference; fileEncoding = 4; lastKnownFileType = sourcecode.c.objc; path = ZLSuperMarketHeaderView.m; sourceTree = "<group>"; };
		0409177E1DCC67A100DB2568 /* ZLSuperMarketHeaderView.xib */ = {isa = PBXFileReference; fileEncoding = 4; lastKnownFileType = file.xib; path = ZLSuperMarketHeaderView.xib; sourceTree = "<group>"; };
		040917801DCC904B00DB2568 /* ZLSuperMarketShopLeftCellType.h */ = {isa = PBXFileReference; fileEncoding = 4; lastKnownFileType = sourcecode.c.h; path = ZLSuperMarketShopLeftCellType.h; sourceTree = "<group>"; };
		040917811DCC904B00DB2568 /* ZLSuperMarketShopLeftCellType.m */ = {isa = PBXFileReference; fileEncoding = 4; lastKnownFileType = sourcecode.c.objc; path = ZLSuperMarketShopLeftCellType.m; sourceTree = "<group>"; };
		040917821DCC904B00DB2568 /* ZLSuperMarketShopLeftCellType.xib */ = {isa = PBXFileReference; fileEncoding = 4; lastKnownFileType = file.xib; path = ZLSuperMarketShopLeftCellType.xib; sourceTree = "<group>"; };
		040917871DCC919200DB2568 /* ZLSuperMarketShopRightCell.h */ = {isa = PBXFileReference; fileEncoding = 4; lastKnownFileType = sourcecode.c.h; path = ZLSuperMarketShopRightCell.h; sourceTree = "<group>"; };
		040917881DCC919200DB2568 /* ZLSuperMarketShopRightCell.m */ = {isa = PBXFileReference; fileEncoding = 4; lastKnownFileType = sourcecode.c.objc; path = ZLSuperMarketShopRightCell.m; sourceTree = "<group>"; };
		040917891DCC919200DB2568 /* ZLSuperMarketShopRightCell.xib */ = {isa = PBXFileReference; fileEncoding = 4; lastKnownFileType = file.xib; path = ZLSuperMarketShopRightCell.xib; sourceTree = "<group>"; };
		0409178C1DCCA9D500DB2568 /* ZLSuperMarketShopCarView.h */ = {isa = PBXFileReference; fileEncoding = 4; lastKnownFileType = sourcecode.c.h; path = ZLSuperMarketShopCarView.h; sourceTree = "<group>"; };
		0409178D1DCCA9D500DB2568 /* ZLSuperMarketShopCarView.m */ = {isa = PBXFileReference; fileEncoding = 4; lastKnownFileType = sourcecode.c.objc; path = ZLSuperMarketShopCarView.m; sourceTree = "<group>"; };
		0409178F1DCCA9E800DB2568 /* ZLSuperMarketShopCarView.xib */ = {isa = PBXFileReference; fileEncoding = 4; lastKnownFileType = file.xib; path = ZLSuperMarketShopCarView.xib; sourceTree = "<group>"; };
		040D92F21DCAE15300DBE42E /* ZLHomeMessageViewController.h */ = {isa = PBXFileReference; fileEncoding = 4; lastKnownFileType = sourcecode.c.h; path = ZLHomeMessageViewController.h; sourceTree = "<group>"; };
		040D92F31DCAE15300DBE42E /* ZLHomeMessageViewController.m */ = {isa = PBXFileReference; fileEncoding = 4; lastKnownFileType = sourcecode.c.objc; path = ZLHomeMessageViewController.m; sourceTree = "<group>"; };
		040D92F61DCAE34E00DBE42E /* ZLHomeMSGCell.h */ = {isa = PBXFileReference; fileEncoding = 4; lastKnownFileType = sourcecode.c.h; path = ZLHomeMSGCell.h; sourceTree = "<group>"; };
		040D92F71DCAE34E00DBE42E /* ZLHomeMSGCell.m */ = {isa = PBXFileReference; fileEncoding = 4; lastKnownFileType = sourcecode.c.objc; path = ZLHomeMSGCell.m; sourceTree = "<group>"; };
		040D92F81DCAE34E00DBE42E /* ZLHomeMSGCell.xib */ = {isa = PBXFileReference; fileEncoding = 4; lastKnownFileType = file.xib; path = ZLHomeMSGCell.xib; sourceTree = "<group>"; };
		040D92FB1DCAE82000DBE42E /* ZLHomeMessageDetailViewController.h */ = {isa = PBXFileReference; fileEncoding = 4; lastKnownFileType = sourcecode.c.h; path = ZLHomeMessageDetailViewController.h; sourceTree = "<group>"; };
		040D92FC1DCAE82000DBE42E /* ZLHomeMessageDetailViewController.m */ = {isa = PBXFileReference; fileEncoding = 4; lastKnownFileType = sourcecode.c.objc; path = ZLHomeMessageDetailViewController.m; sourceTree = "<group>"; };
		040D92FE1DCAE84300DBE42E /* ZLHomeMsgDetailCell.xib */ = {isa = PBXFileReference; fileEncoding = 4; lastKnownFileType = file.xib; path = ZLHomeMsgDetailCell.xib; sourceTree = "<group>"; };
		04162DF51DCB2C9300FB4229 /* ZLHomeCoupCell.h */ = {isa = PBXFileReference; fileEncoding = 4; lastKnownFileType = sourcecode.c.h; path = ZLHomeCoupCell.h; sourceTree = "<group>"; };
		04162DF61DCB2C9300FB4229 /* ZLHomeCoupCell.m */ = {isa = PBXFileReference; fileEncoding = 4; lastKnownFileType = sourcecode.c.objc; path = ZLHomeCoupCell.m; sourceTree = "<group>"; };
		04162DF71DCB2C9300FB4229 /* ZLHomeCoupCell.xib */ = {isa = PBXFileReference; fileEncoding = 4; lastKnownFileType = file.xib; path = ZLHomeCoupCell.xib; sourceTree = "<group>"; };
		04162DFB1DCB545200FB4229 /* ChineseToPinyin.h */ = {isa = PBXFileReference; fileEncoding = 4; lastKnownFileType = sourcecode.c.h; path = ChineseToPinyin.h; sourceTree = "<group>"; };
		04162DFC1DCB545200FB4229 /* ChineseToPinyin.m */ = {isa = PBXFileReference; fileEncoding = 4; lastKnownFileType = sourcecode.c.objc; path = ChineseToPinyin.m; sourceTree = "<group>"; };
		04162DFD1DCB545200FB4229 /* HeaderView.h */ = {isa = PBXFileReference; fileEncoding = 4; lastKnownFileType = sourcecode.c.h; path = HeaderView.h; sourceTree = "<group>"; };
		04162DFE1DCB545200FB4229 /* HeaderView.m */ = {isa = PBXFileReference; fileEncoding = 4; lastKnownFileType = sourcecode.c.objc; path = HeaderView.m; sourceTree = "<group>"; };
		049D49071DB75CCD005A1038 /* libz.tbd */ = {isa = PBXFileReference; lastKnownFileType = "sourcecode.text-based-dylib-definition"; name = libz.tbd; path = usr/lib/libz.tbd; sourceTree = SDKROOT; };
		049D49091DB75CDA005A1038 /* libsqlite3.tbd */ = {isa = PBXFileReference; lastKnownFileType = "sourcecode.text-based-dylib-definition"; name = libsqlite3.tbd; path = usr/lib/libsqlite3.tbd; sourceTree = SDKROOT; };
		049D490B1DB75CE0005A1038 /* SystemConfiguration.framework */ = {isa = PBXFileReference; lastKnownFileType = wrapper.framework; name = SystemConfiguration.framework; path = System/Library/Frameworks/SystemConfiguration.framework; sourceTree = SDKROOT; };
		049D490D1DB75CE9005A1038 /* CoreTelephony.framework */ = {isa = PBXFileReference; lastKnownFileType = wrapper.framework; name = CoreTelephony.framework; path = System/Library/Frameworks/CoreTelephony.framework; sourceTree = SDKROOT; };
		049D490F1DB75CEF005A1038 /* AdSupport.framework */ = {isa = PBXFileReference; lastKnownFileType = wrapper.framework; name = AdSupport.framework; path = System/Library/Frameworks/AdSupport.framework; sourceTree = SDKROOT; };
		049D492B1DB76CC7005A1038 /* QuartzCore.framework */ = {isa = PBXFileReference; lastKnownFileType = wrapper.framework; name = QuartzCore.framework; path = System/Library/Frameworks/QuartzCore.framework; sourceTree = SDKROOT; };
		04C6A3711DCB07B2002C4D4A /* Util.h */ = {isa = PBXFileReference; fileEncoding = 4; lastKnownFileType = sourcecode.c.h; path = Util.h; sourceTree = "<group>"; };
		04C6A3721DCB07B9002C4D4A /* Util.m */ = {isa = PBXFileReference; fileEncoding = 4; lastKnownFileType = sourcecode.c.objc; path = Util.m; sourceTree = "<group>"; };
		04C6A3741DCB0874002C4D4A /* keyChain.h */ = {isa = PBXFileReference; fileEncoding = 4; lastKnownFileType = sourcecode.c.h; path = keyChain.h; sourceTree = "<group>"; };
		04C6A3751DCB0874002C4D4A /* keyChain.m */ = {isa = PBXFileReference; fileEncoding = 4; lastKnownFileType = sourcecode.c.objc; path = keyChain.m; sourceTree = "<group>"; };
		04C6A3781DCB08AF002C4D4A /* NSData+Base64.h */ = {isa = PBXFileReference; fileEncoding = 4; lastKnownFileType = sourcecode.c.h; path = "NSData+Base64.h"; sourceTree = "<group>"; };
		04C6A3791DCB08AF002C4D4A /* NSData+Base64.m */ = {isa = PBXFileReference; fileEncoding = 4; lastKnownFileType = sourcecode.c.objc; path = "NSData+Base64.m"; sourceTree = "<group>"; };
		04C6A37A1DCB08AF002C4D4A /* private_key.p12 */ = {isa = PBXFileReference; lastKnownFileType = file; path = private_key.p12; sourceTree = "<group>"; };
		04C6A37B1DCB08AF002C4D4A /* public_key.der */ = {isa = PBXFileReference; lastKnownFileType = file; path = public_key.der; sourceTree = "<group>"; };
		04C6A37C1DCB08AF002C4D4A /* RSAEncryptor.h */ = {isa = PBXFileReference; fileEncoding = 4; lastKnownFileType = sourcecode.c.h; path = RSAEncryptor.h; sourceTree = "<group>"; };
		04C6A37D1DCB08AF002C4D4A /* RSAEncryptor.m */ = {isa = PBXFileReference; fileEncoding = 4; lastKnownFileType = sourcecode.c.objc; path = RSAEncryptor.m; sourceTree = "<group>"; };
		04C6A3821DCB11A4002C4D4A /* UIViewExt.h */ = {isa = PBXFileReference; fileEncoding = 4; lastKnownFileType = sourcecode.c.h; path = UIViewExt.h; sourceTree = "<group>"; };
		04C6A3831DCB11A4002C4D4A /* UIViewExt.m */ = {isa = PBXFileReference; fileEncoding = 4; lastKnownFileType = sourcecode.c.objc; path = UIViewExt.m; sourceTree = "<group>"; };
		04CBF0241DC19EFD0098BF52 /* CFNetwork.framework */ = {isa = PBXFileReference; lastKnownFileType = wrapper.framework; name = CFNetwork.framework; path = System/Library/Frameworks/CFNetwork.framework; sourceTree = SDKROOT; };
		04CBF0261DC19F090098BF52 /* CoreFoundation.framework */ = {isa = PBXFileReference; lastKnownFileType = wrapper.framework; name = CoreFoundation.framework; path = System/Library/Frameworks/CoreFoundation.framework; sourceTree = SDKROOT; };
		04CBF0281DC19F190098BF52 /* CoreGraphics.framework */ = {isa = PBXFileReference; lastKnownFileType = wrapper.framework; name = CoreGraphics.framework; path = System/Library/Frameworks/CoreGraphics.framework; sourceTree = SDKROOT; };
		04CBF02A1DC19F220098BF52 /* Foundation.framework */ = {isa = PBXFileReference; lastKnownFileType = wrapper.framework; name = Foundation.framework; path = System/Library/Frameworks/Foundation.framework; sourceTree = SDKROOT; };
		04CBF02C1DC19F2A0098BF52 /* UIKit.framework */ = {isa = PBXFileReference; lastKnownFileType = wrapper.framework; name = UIKit.framework; path = System/Library/Frameworks/UIKit.framework; sourceTree = SDKROOT; };
		04CBF02E1DC19F310098BF52 /* Security.framework */ = {isa = PBXFileReference; lastKnownFileType = wrapper.framework; name = Security.framework; path = System/Library/Frameworks/Security.framework; sourceTree = SDKROOT; };
		04CBF0301DC19F430098BF52 /* UserNotifications.framework */ = {isa = PBXFileReference; lastKnownFileType = wrapper.framework; name = UserNotifications.framework; path = System/Library/Frameworks/UserNotifications.framework; sourceTree = SDKROOT; };
		04CBF0321DC19F890098BF52 /* ZeroLifeClient.entitlements */ = {isa = PBXFileReference; lastKnownFileType = text.plist.entitlements; path = ZeroLifeClient.entitlements; sourceTree = "<group>"; };
		04D64D621DC9C16D004E8859 /* ZLSelectArearViewController.h */ = {isa = PBXFileReference; fileEncoding = 4; lastKnownFileType = sourcecode.c.h; path = ZLSelectArearViewController.h; sourceTree = "<group>"; };
		04D64D631DC9C16D004E8859 /* ZLSelectArearViewController.m */ = {isa = PBXFileReference; fileEncoding = 4; lastKnownFileType = sourcecode.c.objc; path = ZLSelectArearViewController.m; sourceTree = "<group>"; };
		04D64D661DC9CC7B004E8859 /* ZLCustomBtnView.h */ = {isa = PBXFileReference; fileEncoding = 4; lastKnownFileType = sourcecode.c.h; path = ZLCustomBtnView.h; sourceTree = "<group>"; };
		04D64D671DC9CC7B004E8859 /* ZLCustomBtnView.m */ = {isa = PBXFileReference; fileEncoding = 4; lastKnownFileType = sourcecode.c.objc; path = ZLCustomBtnView.m; sourceTree = "<group>"; };
		04D64D691DC9CCA5004E8859 /* ZLHomeLocationView.h */ = {isa = PBXFileReference; fileEncoding = 4; lastKnownFileType = sourcecode.c.h; name = ZLHomeLocationView.h; path = ZLHomeLocationView/ZLHomeLocationView.h; sourceTree = "<group>"; };
		04D64D6A1DC9CCA5004E8859 /* ZLHomeLocationView.m */ = {isa = PBXFileReference; fileEncoding = 4; lastKnownFileType = sourcecode.c.objc; name = ZLHomeLocationView.m; path = ZLHomeLocationView/ZLHomeLocationView.m; sourceTree = "<group>"; };
		04D64D6B1DC9CCA5004E8859 /* ZLHomeLocationView.xib */ = {isa = PBXFileReference; fileEncoding = 4; lastKnownFileType = file.xib; name = ZLHomeLocationView.xib; path = ZLHomeLocationView/ZLHomeLocationView.xib; sourceTree = "<group>"; };
		04D64D6F1DC9CCDC004E8859 /* ZLHomeOtherCell.h */ = {isa = PBXFileReference; fileEncoding = 4; lastKnownFileType = sourcecode.c.h; path = ZLHomeOtherCell.h; sourceTree = "<group>"; };
		04D64D701DC9CCDC004E8859 /* ZLHomeOtherCell.m */ = {isa = PBXFileReference; fileEncoding = 4; lastKnownFileType = sourcecode.c.objc; path = ZLHomeOtherCell.m; sourceTree = "<group>"; };
		04D64D711DC9CCDC004E8859 /* ZLHomeOtherCell.xib */ = {isa = PBXFileReference; fileEncoding = 4; lastKnownFileType = file.xib; path = ZLHomeOtherCell.xib; sourceTree = "<group>"; };
		04D64D721DC9CCDC004E8859 /* ZLHomeScrollerTableViewCell.h */ = {isa = PBXFileReference; fileEncoding = 4; lastKnownFileType = sourcecode.c.h; path = ZLHomeScrollerTableViewCell.h; sourceTree = "<group>"; };
		04D64D731DC9CCDC004E8859 /* ZLHomeScrollerTableViewCell.m */ = {isa = PBXFileReference; fileEncoding = 4; lastKnownFileType = sourcecode.c.objc; path = ZLHomeScrollerTableViewCell.m; sourceTree = "<group>"; };
		04D64D781DC9CD35004E8859 /* ZLHomeCoupView.h */ = {isa = PBXFileReference; fileEncoding = 4; lastKnownFileType = sourcecode.c.h; path = ZLHomeCoupView.h; sourceTree = "<group>"; };
		04D64D791DC9CD35004E8859 /* ZLHomeCoupView.m */ = {isa = PBXFileReference; fileEncoding = 4; lastKnownFileType = sourcecode.c.objc; path = ZLHomeCoupView.m; sourceTree = "<group>"; };
		04D64D7B1DC9CDA4004E8859 /* ZlHomeCoupView.xib */ = {isa = PBXFileReference; fileEncoding = 4; lastKnownFileType = file.xib; path = ZlHomeCoupView.xib; sourceTree = "<group>"; };
		26781393B9810BF63F686EF1 /* Pods-ZeroLifeClient.release.xcconfig */ = {isa = PBXFileReference; includeInIndex = 1; lastKnownFileType = text.xcconfig; name = "Pods-ZeroLifeClient.release.xcconfig"; path = "Pods/Target Support Files/Pods-ZeroLifeClient/Pods-ZeroLifeClient.release.xcconfig"; sourceTree = "<group>"; };
		339DEB89053AF616C6AD0FF3 /* libPods-ZeroLifeClient.a */ = {isa = PBXFileReference; explicitFileType = archive.ar; includeInIndex = 0; path = "libPods-ZeroLifeClient.a"; sourceTree = BUILT_PRODUCTS_DIR; };
		DF0308831DCD65C700E1EAB6 /* SystemSettingVC.h */ = {isa = PBXFileReference; fileEncoding = 4; lastKnownFileType = sourcecode.c.h; path = SystemSettingVC.h; sourceTree = "<group>"; };
		DF0308841DCD65C700E1EAB6 /* SystemSettingVC.m */ = {isa = PBXFileReference; fileEncoding = 4; lastKnownFileType = sourcecode.c.objc; path = SystemSettingVC.m; sourceTree = "<group>"; };
		DF0308861DCD67ED00E1EAB6 /* UserInfoVC.h */ = {isa = PBXFileReference; fileEncoding = 4; lastKnownFileType = sourcecode.c.h; path = UserInfoVC.h; sourceTree = "<group>"; };
		DF0308871DCD67ED00E1EAB6 /* UserInfoVC.m */ = {isa = PBXFileReference; fileEncoding = 4; lastKnownFileType = sourcecode.c.objc; path = UserInfoVC.m; sourceTree = "<group>"; };
		DF0308891DCD698900E1EAB6 /* QUPickPhoto.h */ = {isa = PBXFileReference; fileEncoding = 4; lastKnownFileType = sourcecode.c.h; path = QUPickPhoto.h; sourceTree = "<group>"; };
		DF03088A1DCD698900E1EAB6 /* QUPickPhoto.m */ = {isa = PBXFileReference; fileEncoding = 4; lastKnownFileType = sourcecode.c.objc; path = QUPickPhoto.m; sourceTree = "<group>"; };
		DF03088B1DCD698900E1EAB6 /* NSObject+PickPhoto.h */ = {isa = PBXFileReference; fileEncoding = 4; lastKnownFileType = sourcecode.c.h; path = "NSObject+PickPhoto.h"; sourceTree = "<group>"; };
		DF03088C1DCD698900E1EAB6 /* NSObject+PickPhoto.m */ = {isa = PBXFileReference; fileEncoding = 4; lastKnownFileType = sourcecode.c.objc; path = "NSObject+PickPhoto.m"; sourceTree = "<group>"; };
		DF03088F1DCD69DC00E1EAB6 /* UIViewController+Additions.h */ = {isa = PBXFileReference; fileEncoding = 4; lastKnownFileType = sourcecode.c.h; path = "UIViewController+Additions.h"; sourceTree = "<group>"; };
		DF0308901DCD69DC00E1EAB6 /* UIViewController+Additions.m */ = {isa = PBXFileReference; fileEncoding = 4; lastKnownFileType = sourcecode.c.objc; path = "UIViewController+Additions.m"; sourceTree = "<group>"; };
		DF55B45F1DBAFE5800F89341 /* ZLCookViewController.m */ = {isa = PBXFileReference; fileEncoding = 4; lastKnownFileType = sourcecode.c.objc; path = ZLCookViewController.m; sourceTree = "<group>"; };
		DF55B4601DBAFE5800F89341 /* ZLCookViewController.h */ = {isa = PBXFileReference; fileEncoding = 4; lastKnownFileType = sourcecode.c.h; path = ZLCookViewController.h; sourceTree = "<group>"; };
		DF55B4621DBAFE6000F89341 /* ZLHomeViewController.m */ = {isa = PBXFileReference; fileEncoding = 4; lastKnownFileType = sourcecode.c.objc; path = ZLHomeViewController.m; sourceTree = "<group>"; };
		DF55B4631DBAFE6000F89341 /* ZLHomeViewController.h */ = {isa = PBXFileReference; fileEncoding = 4; lastKnownFileType = sourcecode.c.h; path = ZLHomeViewController.h; sourceTree = "<group>"; };
		DF55B4651DBAFE6D00F89341 /* ZLPurseViewController.m */ = {isa = PBXFileReference; fileEncoding = 4; lastKnownFileType = sourcecode.c.objc; path = ZLPurseViewController.m; sourceTree = "<group>"; };
		DF55B4661DBAFE6D00F89341 /* ZLPurseViewController.h */ = {isa = PBXFileReference; fileEncoding = 4; lastKnownFileType = sourcecode.c.h; path = ZLPurseViewController.h; sourceTree = "<group>"; };
		DF55B4681DBAFE7700F89341 /* ZLUserViewController.m */ = {isa = PBXFileReference; fileEncoding = 4; lastKnownFileType = sourcecode.c.objc; path = ZLUserViewController.m; sourceTree = "<group>"; };
		DF55B4691DBAFE7700F89341 /* ZLUserViewController.h */ = {isa = PBXFileReference; fileEncoding = 4; lastKnownFileType = sourcecode.c.h; path = ZLUserViewController.h; sourceTree = "<group>"; };
		DF55B46B1DBAFEAC00F89341 /* ZLTabBarViewController.m */ = {isa = PBXFileReference; fileEncoding = 4; lastKnownFileType = sourcecode.c.objc; path = ZLTabBarViewController.m; sourceTree = "<group>"; };
		DF55B46C1DBAFEAC00F89341 /* ZLTabBarViewController.h */ = {isa = PBXFileReference; fileEncoding = 4; lastKnownFileType = sourcecode.c.h; path = ZLTabBarViewController.h; sourceTree = "<group>"; };
		DF55B46D1DBAFEAC00F89341 /* ZLNavViewController.m */ = {isa = PBXFileReference; fileEncoding = 4; lastKnownFileType = sourcecode.c.objc; path = ZLNavViewController.m; sourceTree = "<group>"; };
		DF55B46E1DBAFEAC00F89341 /* ZLNavViewController.h */ = {isa = PBXFileReference; fileEncoding = 4; lastKnownFileType = sourcecode.c.h; path = ZLNavViewController.h; sourceTree = "<group>"; };
		DF5C48FF1DBA1BEC006E4825 /* DCPicScrollView.h */ = {isa = PBXFileReference; fileEncoding = 4; lastKnownFileType = sourcecode.c.h; path = DCPicScrollView.h; sourceTree = "<group>"; };
		DF5C49001DBA1BEC006E4825 /* DCPicScrollView.m */ = {isa = PBXFileReference; fileEncoding = 4; lastKnownFileType = sourcecode.c.objc; path = DCPicScrollView.m; sourceTree = "<group>"; };
		DF5C49011DBA1BEC006E4825 /* DCWebImageManager.h */ = {isa = PBXFileReference; fileEncoding = 4; lastKnownFileType = sourcecode.c.h; path = DCWebImageManager.h; sourceTree = "<group>"; };
		DF5C49021DBA1BEC006E4825 /* DCWebImageManager.m */ = {isa = PBXFileReference; fileEncoding = 4; lastKnownFileType = sourcecode.c.objc; path = DCWebImageManager.m; sourceTree = "<group>"; };
		DF7D0A131DB9FFF0005A62A7 /* APIClient.h */ = {isa = PBXFileReference; fileEncoding = 4; lastKnownFileType = sourcecode.c.h; path = APIClient.h; sourceTree = "<group>"; };
		DF7D0A141DB9FFF0005A62A7 /* APIClient.m */ = {isa = PBXFileReference; fileEncoding = 4; lastKnownFileType = sourcecode.c.objc; path = APIClient.m; sourceTree = "<group>"; };
		DF7D0A161DBA0019005A62A7 /* CookCategoryTVC.h */ = {isa = PBXFileReference; fileEncoding = 4; lastKnownFileType = sourcecode.c.h; path = CookCategoryTVC.h; sourceTree = "<group>"; };
		DF7D0A171DBA0019005A62A7 /* CookCategoryTVC.m */ = {isa = PBXFileReference; fileEncoding = 4; lastKnownFileType = sourcecode.c.objc; path = CookCategoryTVC.m; sourceTree = "<group>"; };
		DF7D0A181DBA0019005A62A7 /* CookTVC.h */ = {isa = PBXFileReference; fileEncoding = 4; lastKnownFileType = sourcecode.c.h; path = CookTVC.h; sourceTree = "<group>"; };
		DF7D0A191DBA0019005A62A7 /* CookTVC.m */ = {isa = PBXFileReference; fileEncoding = 4; lastKnownFileType = sourcecode.c.objc; path = CookTVC.m; sourceTree = "<group>"; };
		DF7D0A1A1DBA0019005A62A7 /* CookDetailVC.h */ = {isa = PBXFileReference; fileEncoding = 4; lastKnownFileType = sourcecode.c.h; path = CookDetailVC.h; sourceTree = "<group>"; };
		DF7D0A1B1DBA0019005A62A7 /* CookDetailVC.m */ = {isa = PBXFileReference; fileEncoding = 4; lastKnownFileType = sourcecode.c.objc; path = CookDetailVC.m; sourceTree = "<group>"; };
		DF7D0A1F1DBA0023005A62A7 /* ImageTextTableViewCell.h */ = {isa = PBXFileReference; fileEncoding = 4; lastKnownFileType = sourcecode.c.h; path = ImageTextTableViewCell.h; sourceTree = "<group>"; };
		DF7D0A201DBA0023005A62A7 /* ImageTextTableViewCell.m */ = {isa = PBXFileReference; fileEncoding = 4; lastKnownFileType = sourcecode.c.objc; path = ImageTextTableViewCell.m; sourceTree = "<group>"; };
		DF7D0A211DBA0023005A62A7 /* TagsTableCell.h */ = {isa = PBXFileReference; fileEncoding = 4; lastKnownFileType = sourcecode.c.h; path = TagsTableCell.h; sourceTree = "<group>"; };
		DF7D0A221DBA0023005A62A7 /* TagsTableCell.m */ = {isa = PBXFileReference; fileEncoding = 4; lastKnownFileType = sourcecode.c.objc; path = TagsTableCell.m; sourceTree = "<group>"; };
		DF7D0A251DBA0BA0005A62A7 /* ZeroLifeClient-Prefix.pch */ = {isa = PBXFileReference; fileEncoding = 4; lastKnownFileType = sourcecode.c.h; path = "ZeroLifeClient-Prefix.pch"; sourceTree = "<group>"; };
		DFF2BA083AFD4D1DD56A8848 /* Pods-ZeroLifeClient.debug.xcconfig */ = {isa = PBXFileReference; includeInIndex = 1; lastKnownFileType = text.xcconfig; name = "Pods-ZeroLifeClient.debug.xcconfig"; path = "Pods/Target Support Files/Pods-ZeroLifeClient/Pods-ZeroLifeClient.debug.xcconfig"; sourceTree = "<group>"; };
		DFF634BF1DB873D200B5C917 /* ScrollModelVC.h */ = {isa = PBXFileReference; fileEncoding = 4; lastKnownFileType = sourcecode.c.h; path = ScrollModelVC.h; sourceTree = "<group>"; };
		DFF634C01DB873D200B5C917 /* ScrollModelVC.m */ = {isa = PBXFileReference; fileEncoding = 4; lastKnownFileType = sourcecode.c.objc; path = ScrollModelVC.m; sourceTree = "<group>"; };
		DFFAA72F1DB744C5001CFBB5 /* ZeroLifeClient.app */ = {isa = PBXFileReference; explicitFileType = wrapper.application; includeInIndex = 0; path = ZeroLifeClient.app; sourceTree = BUILT_PRODUCTS_DIR; };
		DFFAA7331DB744C5001CFBB5 /* main.m */ = {isa = PBXFileReference; lastKnownFileType = sourcecode.c.objc; path = main.m; sourceTree = "<group>"; };
		DFFAA7351DB744C5001CFBB5 /* AppDelegate.h */ = {isa = PBXFileReference; lastKnownFileType = sourcecode.c.h; path = AppDelegate.h; sourceTree = "<group>"; };
		DFFAA7361DB744C5001CFBB5 /* AppDelegate.m */ = {isa = PBXFileReference; lastKnownFileType = sourcecode.c.objc; path = AppDelegate.m; sourceTree = "<group>"; };
		DFFAA7381DB744C5001CFBB5 /* ViewController.h */ = {isa = PBXFileReference; lastKnownFileType = sourcecode.c.h; path = ViewController.h; sourceTree = "<group>"; };
		DFFAA7391DB744C5001CFBB5 /* ViewController.m */ = {isa = PBXFileReference; lastKnownFileType = sourcecode.c.objc; path = ViewController.m; sourceTree = "<group>"; };
		DFFAA73C1DB744C5001CFBB5 /* Base */ = {isa = PBXFileReference; lastKnownFileType = file.storyboard; name = Base; path = Base.lproj/Main.storyboard; sourceTree = "<group>"; };
		DFFAA73E1DB744C5001CFBB5 /* Assets.xcassets */ = {isa = PBXFileReference; lastKnownFileType = folder.assetcatalog; path = Assets.xcassets; sourceTree = "<group>"; };
		DFFAA7411DB744C5001CFBB5 /* Base */ = {isa = PBXFileReference; lastKnownFileType = file.storyboard; name = Base; path = Base.lproj/LaunchScreen.storyboard; sourceTree = "<group>"; };
		DFFAA7431DB744C5001CFBB5 /* Info.plist */ = {isa = PBXFileReference; lastKnownFileType = text.plist.xml; path = Info.plist; sourceTree = "<group>"; };
		DFFAA7561DB744EF001CFBB5 /* APIObjectDefine.h */ = {isa = PBXFileReference; fileEncoding = 4; lastKnownFileType = sourcecode.c.h; path = APIObjectDefine.h; sourceTree = "<group>"; };
		DFFAA7571DB744EF001CFBB5 /* APIObjectDefine.m */ = {isa = PBXFileReference; fileEncoding = 4; lastKnownFileType = sourcecode.c.objc; path = APIObjectDefine.m; sourceTree = "<group>"; };
		DFFAA7591DB744EF001CFBB5 /* CustomDefine.h */ = {isa = PBXFileReference; fileEncoding = 4; lastKnownFileType = sourcecode.c.h; path = CustomDefine.h; sourceTree = "<group>"; };
		DFFAA75A1DB744EF001CFBB5 /* UIView+AutoSize.h */ = {isa = PBXFileReference; fileEncoding = 4; lastKnownFileType = sourcecode.c.h; path = "UIView+AutoSize.h"; sourceTree = "<group>"; };
		DFFAA75B1DB744EF001CFBB5 /* UIView+AutoSize.m */ = {isa = PBXFileReference; fileEncoding = 4; lastKnownFileType = sourcecode.c.objc; path = "UIView+AutoSize.m"; sourceTree = "<group>"; };
		DFFAA75E1DB744EF001CFBB5 /* CustomScrollVC.h */ = {isa = PBXFileReference; fileEncoding = 4; lastKnownFileType = sourcecode.c.h; path = CustomScrollVC.h; sourceTree = "<group>"; };
		DFFAA75F1DB744EF001CFBB5 /* CustomScrollVC.m */ = {isa = PBXFileReference; fileEncoding = 4; lastKnownFileType = sourcecode.c.objc; path = CustomScrollVC.m; sourceTree = "<group>"; };
		DFFAA7601DB744EF001CFBB5 /* CustomVC.h */ = {isa = PBXFileReference; fileEncoding = 4; lastKnownFileType = sourcecode.c.h; path = CustomVC.h; sourceTree = "<group>"; };
		DFFAA7611DB744EF001CFBB5 /* CustomVC.m */ = {isa = PBXFileReference; fileEncoding = 4; lastKnownFileType = sourcecode.c.objc; path = CustomVC.m; sourceTree = "<group>"; };
/* End PBXFileReference section */

/* Begin PBXFrameworksBuildPhase section */
		DFFAA72C1DB744C5001CFBB5 /* Frameworks */ = {
			isa = PBXFrameworksBuildPhase;
			buildActionMask = 2147483647;
			files = (
				04CBF0311DC19F430098BF52 /* UserNotifications.framework in Frameworks */,
				04CBF02F1DC19F310098BF52 /* Security.framework in Frameworks */,
				04CBF02D1DC19F2A0098BF52 /* UIKit.framework in Frameworks */,
				04CBF02B1DC19F220098BF52 /* Foundation.framework in Frameworks */,
				04CBF0291DC19F190098BF52 /* CoreGraphics.framework in Frameworks */,
				04CBF0271DC19F090098BF52 /* CoreFoundation.framework in Frameworks */,
				04CBF0251DC19EFD0098BF52 /* CFNetwork.framework in Frameworks */,
				049D492C1DB76CC7005A1038 /* QuartzCore.framework in Frameworks */,
				049D49101DB75CEF005A1038 /* AdSupport.framework in Frameworks */,
				049D490E1DB75CE9005A1038 /* CoreTelephony.framework in Frameworks */,
				049D490C1DB75CE0005A1038 /* SystemConfiguration.framework in Frameworks */,
				049D490A1DB75CDA005A1038 /* libsqlite3.tbd in Frameworks */,
				049D49081DB75CCD005A1038 /* libz.tbd in Frameworks */,
				92AF8AA63E2B8C882D0429B1 /* libPods-ZeroLifeClient.a in Frameworks */,
			);
			runOnlyForDeploymentPostprocessing = 0;
		};
/* End PBXFrameworksBuildPhase section */

/* Begin PBXGroup section */
		040917531DCC2C0400DB2568 /* ZLSuperMarket */ = {
			isa = PBXGroup;
			children = (
				040917761DCC662F00DB2568 /* ZLSuperMarketShop */,
				040917721DCC60C200DB2568 /* ZLSuperMarketSearchViewController */,
				040917691DCC55B300DB2568 /* RKImageBrowser */,
				040917571DCC310700DB2568 /* View */,
				040917541DCC2C1A00DB2568 /* ZLSuperMarketViewController.h */,
				040917551DCC2C1A00DB2568 /* ZLSuperMarketViewController.m */,
			);
			path = ZLSuperMarket;
			sourceTree = "<group>";
		};
		040917571DCC310700DB2568 /* View */ = {
			isa = PBXGroup;
			children = (
				040917581DCC313500DB2568 /* ZLSupMarketCell.h */,
				040917591DCC313500DB2568 /* ZLSupMarketCell.m */,
				0409175B1DCC336000DB2568 /* ZLSuperMarketShopCell.h */,
				0409175C1DCC336000DB2568 /* ZLSuperMarketShopCell.m */,
				0409175D1DCC336000DB2568 /* ZLSuperMarketShopCell.xib */,
				040917601DCC371D00DB2568 /* ZLSuperMarketShopActivityCell1.xib */,
				040917621DCC372A00DB2568 /* ZLSuperMarketShopActivityCell2.xib */,
				040917641DCC39D400DB2568 /* ZLSuperMarketHeaderSectionView.h */,
				040917651DCC39D400DB2568 /* ZLSuperMarketHeaderSectionView.m */,
				040917671DCC39DE00DB2568 /* ZLSuperMarketHeaderSectionView.xib */,
				0409176D1DCC5E0700DB2568 /* ZLSuperMarketSearchView.h */,
				0409176E1DCC5E0700DB2568 /* ZLSuperMarketSearchView.m */,
				040917701DCC5E1000DB2568 /* ZLSuperMarketSearchView.xib */,
			);
			path = View;
			sourceTree = "<group>";
		};
		040917691DCC55B300DB2568 /* RKImageBrowser */ = {
			isa = PBXGroup;
			children = (
				0409176A1DCC55C300DB2568 /* RKImageBrowser.h */,
				0409176B1DCC55C300DB2568 /* RKImageBrowser.m */,
			);
			path = RKImageBrowser;
			sourceTree = "<group>";
		};
		040917721DCC60C200DB2568 /* ZLSuperMarketSearchViewController */ = {
			isa = PBXGroup;
			children = (
				040917731DCC60FA00DB2568 /* ZLSuperMarketSearchViewController.h */,
				040917741DCC60FA00DB2568 /* ZLSuperMarketSearchViewController.m */,
			);
			path = ZLSuperMarketSearchViewController;
			sourceTree = "<group>";
		};
		040917761DCC662F00DB2568 /* ZLSuperMarketShop */ = {
			isa = PBXGroup;
			children = (
				0409177A1DCC677C00DB2568 /* View */,
				040917771DCC664300DB2568 /* ZLSuperMarketShopViewController.h */,
				040917781DCC664300DB2568 /* ZLSuperMarketShopViewController.m */,
			);
			path = ZLSuperMarketShop;
			sourceTree = "<group>";
		};
		0409177A1DCC677C00DB2568 /* View */ = {
			isa = PBXGroup;
			children = (
				0409177B1DCC679900DB2568 /* ZLSuperMarketHeaderView.h */,
				0409177C1DCC679900DB2568 /* ZLSuperMarketHeaderView.m */,
				0409177E1DCC67A100DB2568 /* ZLSuperMarketHeaderView.xib */,
				040917801DCC904B00DB2568 /* ZLSuperMarketShopLeftCellType.h */,
				040917811DCC904B00DB2568 /* ZLSuperMarketShopLeftCellType.m */,
				040917821DCC904B00DB2568 /* ZLSuperMarketShopLeftCellType.xib */,
				040917871DCC919200DB2568 /* ZLSuperMarketShopRightCell.h */,
				040917881DCC919200DB2568 /* ZLSuperMarketShopRightCell.m */,
				040917891DCC919200DB2568 /* ZLSuperMarketShopRightCell.xib */,
				0409178C1DCCA9D500DB2568 /* ZLSuperMarketShopCarView.h */,
				0409178D1DCCA9D500DB2568 /* ZLSuperMarketShopCarView.m */,
				0409178F1DCCA9E800DB2568 /* ZLSuperMarketShopCarView.xib */,
			);
			path = View;
			sourceTree = "<group>";
		};
		040D92F11DCAE11400DBE42E /* ZLHomeMessage */ = {
			isa = PBXGroup;
			children = (
				040D92F51DCAE33700DBE42E /* View */,
				040D92F21DCAE15300DBE42E /* ZLHomeMessageViewController.h */,
				040D92F31DCAE15300DBE42E /* ZLHomeMessageViewController.m */,
				040D92FB1DCAE82000DBE42E /* ZLHomeMessageDetailViewController.h */,
				040D92FC1DCAE82000DBE42E /* ZLHomeMessageDetailViewController.m */,
			);
			name = ZLHomeMessage;
			path = View/ZLHomeMessage;
			sourceTree = "<group>";
		};
		040D92F51DCAE33700DBE42E /* View */ = {
			isa = PBXGroup;
			children = (
				040D92F61DCAE34E00DBE42E /* ZLHomeMSGCell.h */,
				040D92F71DCAE34E00DBE42E /* ZLHomeMSGCell.m */,
				040D92F81DCAE34E00DBE42E /* ZLHomeMSGCell.xib */,
				040D92FE1DCAE84300DBE42E /* ZLHomeMsgDetailCell.xib */,
			);
			path = View;
			sourceTree = "<group>";
		};
		04162DFA1DCB544300FB4229 /* view */ = {
			isa = PBXGroup;
			children = (
				04162DFB1DCB545200FB4229 /* ChineseToPinyin.h */,
				04162DFC1DCB545200FB4229 /* ChineseToPinyin.m */,
				04162DFD1DCB545200FB4229 /* HeaderView.h */,
				04162DFE1DCB545200FB4229 /* HeaderView.m */,
				0409174E1DCC1FE500DB2568 /* ZLSearchArearView.h */,
				0409174F1DCC1FE500DB2568 /* ZLSearchArearView.m */,
				040917501DCC1FE500DB2568 /* ZLSearchArearView.xib */,
			);
			path = view;
			sourceTree = "<group>";
		};
		04231D911DC8830B00C50D12 /* ZLHomeLocationView */ = {
			isa = PBXGroup;
			children = (
				04D64D691DC9CCA5004E8859 /* ZLHomeLocationView.h */,
				04D64D6A1DC9CCA5004E8859 /* ZLHomeLocationView.m */,
				04D64D6B1DC9CCA5004E8859 /* ZLHomeLocationView.xib */,
			);
			name = ZLHomeLocationView;
			sourceTree = "<group>";
		};
		04C6A3701DCB079B002C4D4A /* Util */ = {
			isa = PBXGroup;
			children = (
				04C6A3821DCB11A4002C4D4A /* UIViewExt.h */,
				04C6A3831DCB11A4002C4D4A /* UIViewExt.m */,
				04C6A3711DCB07B2002C4D4A /* Util.h */,
				04C6A3721DCB07B9002C4D4A /* Util.m */,
				04C6A3741DCB0874002C4D4A /* keyChain.h */,
				04C6A3751DCB0874002C4D4A /* keyChain.m */,
			);
			path = Util;
			sourceTree = "<group>";
		};
		04C6A3771DCB08A5002C4D4A /* RSA */ = {
			isa = PBXGroup;
			children = (
				04C6A3781DCB08AF002C4D4A /* NSData+Base64.h */,
				04C6A3791DCB08AF002C4D4A /* NSData+Base64.m */,
				04C6A37A1DCB08AF002C4D4A /* private_key.p12 */,
				04C6A37B1DCB08AF002C4D4A /* public_key.der */,
				04C6A37C1DCB08AF002C4D4A /* RSAEncryptor.h */,
				04C6A37D1DCB08AF002C4D4A /* RSAEncryptor.m */,
			);
			path = RSA;
			sourceTree = "<group>";
		};
		04D64D611DC9C154004E8859 /* ZLAddressSelect */ = {
			isa = PBXGroup;
			children = (
				04162DFA1DCB544300FB4229 /* view */,
				04D64D621DC9C16D004E8859 /* ZLSelectArearViewController.h */,
				04D64D631DC9C16D004E8859 /* ZLSelectArearViewController.m */,
			);
			path = ZLAddressSelect;
			sourceTree = "<group>";
		};
		04D64D651DC9CC7B004E8859 /* ZLCustomBtnView */ = {
			isa = PBXGroup;
			children = (
				04D64D661DC9CC7B004E8859 /* ZLCustomBtnView.h */,
				04D64D671DC9CC7B004E8859 /* ZLCustomBtnView.m */,
			);
			path = ZLCustomBtnView;
			sourceTree = "<group>";
		};
		04D64D6E1DC9CCDC004E8859 /* ZLHomeCell */ = {
			isa = PBXGroup;
			children = (
				04D64D6F1DC9CCDC004E8859 /* ZLHomeOtherCell.h */,
				04D64D701DC9CCDC004E8859 /* ZLHomeOtherCell.m */,
				04D64D711DC9CCDC004E8859 /* ZLHomeOtherCell.xib */,
				04D64D721DC9CCDC004E8859 /* ZLHomeScrollerTableViewCell.h */,
				04D64D731DC9CCDC004E8859 /* ZLHomeScrollerTableViewCell.m */,
				04162DF51DCB2C9300FB4229 /* ZLHomeCoupCell.h */,
				04162DF61DCB2C9300FB4229 /* ZLHomeCoupCell.m */,
				04162DF71DCB2C9300FB4229 /* ZLHomeCoupCell.xib */,
			);
			path = ZLHomeCell;
			sourceTree = "<group>";
		};
		04D64D771DC9CD21004E8859 /* ZLHomeCoupView */ = {
			isa = PBXGroup;
			children = (
				04D64D781DC9CD35004E8859 /* ZLHomeCoupView.h */,
				04D64D791DC9CD35004E8859 /* ZLHomeCoupView.m */,
				04D64D7B1DC9CDA4004E8859 /* ZlHomeCoupView.xib */,
			);
			path = ZLHomeCoupView;
			sourceTree = "<group>";
		};
		12B582CBD65385C342FBEFDA /* Frameworks */ = {
			isa = PBXGroup;
			children = (
				04CBF0301DC19F430098BF52 /* UserNotifications.framework */,
				04CBF02E1DC19F310098BF52 /* Security.framework */,
				04CBF02C1DC19F2A0098BF52 /* UIKit.framework */,
				04CBF02A1DC19F220098BF52 /* Foundation.framework */,
				04CBF0281DC19F190098BF52 /* CoreGraphics.framework */,
				04CBF0261DC19F090098BF52 /* CoreFoundation.framework */,
				04CBF0241DC19EFD0098BF52 /* CFNetwork.framework */,
				049D492B1DB76CC7005A1038 /* QuartzCore.framework */,
				049D490F1DB75CEF005A1038 /* AdSupport.framework */,
				049D490D1DB75CE9005A1038 /* CoreTelephony.framework */,
				049D490B1DB75CE0005A1038 /* SystemConfiguration.framework */,
				049D49091DB75CDA005A1038 /* libsqlite3.tbd */,
				049D49071DB75CCD005A1038 /* libz.tbd */,
				339DEB89053AF616C6AD0FF3 /* libPods-ZeroLifeClient.a */,
			);
			name = Frameworks;
			sourceTree = "<group>";
		};
		6B758D1B43F6F528C8850C54 /* Pods */ = {
			isa = PBXGroup;
			children = (
				DFF2BA083AFD4D1DD56A8848 /* Pods-ZeroLifeClient.debug.xcconfig */,
				26781393B9810BF63F686EF1 /* Pods-ZeroLifeClient.release.xcconfig */,
			);
			name = Pods;
			sourceTree = "<group>";
		};
		DF5C48FE1DBA1BEC006E4825 /* DCBannerView */ = {
			isa = PBXGroup;
			children = (
				DF5C48FF1DBA1BEC006E4825 /* DCPicScrollView.h */,
				DF5C49001DBA1BEC006E4825 /* DCPicScrollView.m */,
				DF5C49011DBA1BEC006E4825 /* DCWebImageManager.h */,
				DF5C49021DBA1BEC006E4825 /* DCWebImageManager.m */,
			);
			path = DCBannerView;
			sourceTree = "<group>";
		};
		DFFAA7261DB744C5001CFBB5 = {
			isa = PBXGroup;
			children = (
				DFFAA7311DB744C5001CFBB5 /* ZeroLifeClient */,
				DFFAA7301DB744C5001CFBB5 /* Products */,
				6B758D1B43F6F528C8850C54 /* Pods */,
				12B582CBD65385C342FBEFDA /* Frameworks */,
			);
			sourceTree = "<group>";
		};
		DFFAA7301DB744C5001CFBB5 /* Products */ = {
			isa = PBXGroup;
			children = (
				DFFAA72F1DB744C5001CFBB5 /* ZeroLifeClient.app */,
			);
			name = Products;
			sourceTree = "<group>";
		};
		DFFAA7311DB744C5001CFBB5 /* ZeroLifeClient */ = {
			isa = PBXGroup;
			children = (
				04CBF0321DC19F890098BF52 /* ZeroLifeClient.entitlements */,
				DFFAA7541DB744EF001CFBB5 /* Custom */,
				DFFAA7491DB744EF001CFBB5 /* ViewController */,
				DFFAA7521DB744EF001CFBB5 /* Resources */,
				DFFAA7531DB744EF001CFBB5 /* OpenSourceLib */,
				DFFAA7351DB744C5001CFBB5 /* AppDelegate.h */,
				DFFAA7361DB744C5001CFBB5 /* AppDelegate.m */,
				DFFAA7381DB744C5001CFBB5 /* ViewController.h */,
				DFFAA7391DB744C5001CFBB5 /* ViewController.m */,
				DFFAA73B1DB744C5001CFBB5 /* Main.storyboard */,
				DFFAA73E1DB744C5001CFBB5 /* Assets.xcassets */,
				DFFAA7401DB744C5001CFBB5 /* LaunchScreen.storyboard */,
				DFFAA7431DB744C5001CFBB5 /* Info.plist */,
				DFFAA7321DB744C5001CFBB5 /* Supporting Files */,
			);
			path = ZeroLifeClient;
			sourceTree = "<group>";
		};
		DFFAA7321DB744C5001CFBB5 /* Supporting Files */ = {
			isa = PBXGroup;
			children = (
				DFFAA7331DB744C5001CFBB5 /* main.m */,
				DF7D0A251DBA0BA0005A62A7 /* ZeroLifeClient-Prefix.pch */,
			);
			name = "Supporting Files";
			sourceTree = "<group>";
		};
		DFFAA7491DB744EF001CFBB5 /* ViewController */ = {
			isa = PBXGroup;
			children = (
				DF55B46C1DBAFEAC00F89341 /* ZLTabBarViewController.h */,
				DF55B46B1DBAFEAC00F89341 /* ZLTabBarViewController.m */,
				DF55B46E1DBAFEAC00F89341 /* ZLNavViewController.h */,
				DF55B46D1DBAFEAC00F89341 /* ZLNavViewController.m */,
				DFFAA74A1DB744EF001CFBB5 /* Cook */,
				DFFAA74C1DB744EF001CFBB5 /* Home */,
				DFFAA74E1DB744EF001CFBB5 /* Purse */,
				DFFAA7501DB744EF001CFBB5 /* User */,
			);
			path = ViewController;
			sourceTree = "<group>";
		};
		DFFAA74A1DB744EF001CFBB5 /* Cook */ = {
			isa = PBXGroup;
			children = (
				DFFAA74B1DB744EF001CFBB5 /* View */,
				DF55B4601DBAFE5800F89341 /* ZLCookViewController.h */,
				DF55B45F1DBAFE5800F89341 /* ZLCookViewController.m */,
				DF7D0A161DBA0019005A62A7 /* CookCategoryTVC.h */,
				DF7D0A171DBA0019005A62A7 /* CookCategoryTVC.m */,
				DF7D0A181DBA0019005A62A7 /* CookTVC.h */,
				DF7D0A191DBA0019005A62A7 /* CookTVC.m */,
				DF7D0A1A1DBA0019005A62A7 /* CookDetailVC.h */,
				DF7D0A1B1DBA0019005A62A7 /* CookDetailVC.m */,
			);
			path = Cook;
			sourceTree = "<group>";
		};
		DFFAA74B1DB744EF001CFBB5 /* View */ = {
			isa = PBXGroup;
			children = (
				DF7D0A1F1DBA0023005A62A7 /* ImageTextTableViewCell.h */,
				DF7D0A201DBA0023005A62A7 /* ImageTextTableViewCell.m */,
				DF7D0A211DBA0023005A62A7 /* TagsTableCell.h */,
				DF7D0A221DBA0023005A62A7 /* TagsTableCell.m */,
			);
			path = View;
			sourceTree = "<group>";
		};
		DFFAA74C1DB744EF001CFBB5 /* Home */ = {
			isa = PBXGroup;
			children = (
				040917531DCC2C0400DB2568 /* ZLSuperMarket */,
				040D92F11DCAE11400DBE42E /* ZLHomeMessage */,
				04D64D611DC9C154004E8859 /* ZLAddressSelect */,
				DF5C48FE1DBA1BEC006E4825 /* DCBannerView */,
				DFFAA74D1DB744EF001CFBB5 /* View */,
				DF55B4631DBAFE6000F89341 /* ZLHomeViewController.h */,
				DF55B4621DBAFE6000F89341 /* ZLHomeViewController.m */,
				DFF634BF1DB873D200B5C917 /* ScrollModelVC.h */,
				DFF634C01DB873D200B5C917 /* ScrollModelVC.m */,
			);
			path = Home;
			sourceTree = "<group>";
		};
		DFFAA74D1DB744EF001CFBB5 /* View */ = {
			isa = PBXGroup;
			children = (
				04D64D771DC9CD21004E8859 /* ZLHomeCoupView */,
				04D64D6E1DC9CCDC004E8859 /* ZLHomeCell */,
				04D64D651DC9CC7B004E8859 /* ZLCustomBtnView */,
				04231D911DC8830B00C50D12 /* ZLHomeLocationView */,
			);
			path = View;
			sourceTree = "<group>";
		};
		DFFAA74E1DB744EF001CFBB5 /* Purse */ = {
			isa = PBXGroup;
			children = (
				DF55B4661DBAFE6D00F89341 /* ZLPurseViewController.h */,
				DF55B4651DBAFE6D00F89341 /* ZLPurseViewController.m */,
				DFFAA74F1DB744EF001CFBB5 /* View */,
			);
			path = Purse;
			sourceTree = "<group>";
		};
		DFFAA74F1DB744EF001CFBB5 /* View */ = {
			isa = PBXGroup;
			children = (
			);
			path = View;
			sourceTree = "<group>";
		};
		DFFAA7501DB744EF001CFBB5 /* User */ = {
			isa = PBXGroup;
			children = (
				DFFAA7511DB744EF001CFBB5 /* View */,
				DF55B4691DBAFE7700F89341 /* ZLUserViewController.h */,
				DF55B4681DBAFE7700F89341 /* ZLUserViewController.m */,
				DF0308831DCD65C700E1EAB6 /* SystemSettingVC.h */,
				DF0308841DCD65C700E1EAB6 /* SystemSettingVC.m */,
				DF0308861DCD67ED00E1EAB6 /* UserInfoVC.h */,
				DF0308871DCD67ED00E1EAB6 /* UserInfoVC.m */,
			);
			path = User;
			sourceTree = "<group>";
		};
		DFFAA7511DB744EF001CFBB5 /* View */ = {
			isa = PBXGroup;
			children = (
			);
			path = View;
			sourceTree = "<group>";
		};
		DFFAA7521DB744EF001CFBB5 /* Resources */ = {
			isa = PBXGroup;
			children = (
			);
			path = Resources;
			sourceTree = "<group>";
		};
		DFFAA7531DB744EF001CFBB5 /* OpenSourceLib */ = {
			isa = PBXGroup;
			children = (
			);
			path = OpenSourceLib;
			sourceTree = "<group>";
		};
		DFFAA7541DB744EF001CFBB5 /* Custom */ = {
			isa = PBXGroup;
			children = (
				DFFAA7551DB744EF001CFBB5 /* Api */,
				DFFAA7581DB744EF001CFBB5 /* Other */,
				DFFAA75C1DB744EF001CFBB5 /* View */,
				DFFAA75D1DB744EF001CFBB5 /* ViewController */,
			);
			path = Custom;
			sourceTree = "<group>";
		};
		DFFAA7551DB744EF001CFBB5 /* Api */ = {
			isa = PBXGroup;
			children = (
				DFFAA7561DB744EF001CFBB5 /* APIObjectDefine.h */,
				DFFAA7571DB744EF001CFBB5 /* APIObjectDefine.m */,
				DF7D0A131DB9FFF0005A62A7 /* APIClient.h */,
				DF7D0A141DB9FFF0005A62A7 /* APIClient.m */,
			);
			path = Api;
			sourceTree = "<group>";
		};
		DFFAA7581DB744EF001CFBB5 /* Other */ = {
			isa = PBXGroup;
			children = (
				04C6A3771DCB08A5002C4D4A /* RSA */,
				04C6A3701DCB079B002C4D4A /* Util */,
				DFFAA7591DB744EF001CFBB5 /* CustomDefine.h */,
				DFFAA75A1DB744EF001CFBB5 /* UIView+AutoSize.h */,
				DFFAA75B1DB744EF001CFBB5 /* UIView+AutoSize.m */,
				DF0308891DCD698900E1EAB6 /* QUPickPhoto.h */,
				DF03088A1DCD698900E1EAB6 /* QUPickPhoto.m */,
				DF03088B1DCD698900E1EAB6 /* NSObject+PickPhoto.h */,
				DF03088C1DCD698900E1EAB6 /* NSObject+PickPhoto.m */,
				DF03088F1DCD69DC00E1EAB6 /* UIViewController+Additions.h */,
				DF0308901DCD69DC00E1EAB6 /* UIViewController+Additions.m */,
			);
			path = Other;
			sourceTree = "<group>";
		};
		DFFAA75C1DB744EF001CFBB5 /* View */ = {
			isa = PBXGroup;
			children = (
			);
			path = View;
			sourceTree = "<group>";
		};
		DFFAA75D1DB744EF001CFBB5 /* ViewController */ = {
			isa = PBXGroup;
			children = (
				DFFAA75E1DB744EF001CFBB5 /* CustomScrollVC.h */,
				DFFAA75F1DB744EF001CFBB5 /* CustomScrollVC.m */,
				DFFAA7601DB744EF001CFBB5 /* CustomVC.h */,
				DFFAA7611DB744EF001CFBB5 /* CustomVC.m */,
			);
			path = ViewController;
			sourceTree = "<group>";
		};
/* End PBXGroup section */

/* Begin PBXNativeTarget section */
		DFFAA72E1DB744C5001CFBB5 /* ZeroLifeClient */ = {
			isa = PBXNativeTarget;
			buildConfigurationList = DFFAA7461DB744C5001CFBB5 /* Build configuration list for PBXNativeTarget "ZeroLifeClient" */;
			buildPhases = (
				FA2F72B750A76F5318A85DA7 /* [CP] Check Pods Manifest.lock */,
				F1EAC3C068B69D6E51F2E512 /* [CP] Check Pods Manifest.lock */,
				50F0269C8C4AFB4E78A6B5D7 /* [CP] Check Pods Manifest.lock */,
				DFFAA72B1DB744C5001CFBB5 /* Sources */,
				DFFAA72C1DB744C5001CFBB5 /* Frameworks */,
				DFFAA72D1DB744C5001CFBB5 /* Resources */,
				BFA60780792CC5D9164A46E7 /* [CP] Embed Pods Frameworks */,
				C6102D58DD01A614916C9396 /* [CP] Copy Pods Resources */,
				C081A2D19A4A8F94205A70BD /* 📦 Embed Pods Frameworks */,
				632BB4D806504739987A7C6F /* 📦 Copy Pods Resources */,
			);
			buildRules = (
			);
			dependencies = (
			);
			name = ZeroLifeClient;
			productName = ZeroLifeClient;
			productReference = DFFAA72F1DB744C5001CFBB5 /* ZeroLifeClient.app */;
			productType = "com.apple.product-type.application";
		};
/* End PBXNativeTarget section */

/* Begin PBXProject section */
		DFFAA7271DB744C5001CFBB5 /* Project object */ = {
			isa = PBXProject;
			attributes = {
				LastUpgradeCheck = 0800;
				ORGANIZATIONNAME = "瞿伦平";
				TargetAttributes = {
					DFFAA72E1DB744C5001CFBB5 = {
						CreatedOnToolsVersion = 8.0;
						DevelopmentTeam = 5FKH22H2X2;
						ProvisioningStyle = Automatic;
						SystemCapabilities = {
							com.apple.Push = {
								enabled = 1;
							};
						};
					};
				};
			};
			buildConfigurationList = DFFAA72A1DB744C5001CFBB5 /* Build configuration list for PBXProject "ZeroLifeClient" */;
			compatibilityVersion = "Xcode 3.2";
			developmentRegion = English;
			hasScannedForEncodings = 0;
			knownRegions = (
				en,
				Base,
			);
			mainGroup = DFFAA7261DB744C5001CFBB5;
			productRefGroup = DFFAA7301DB744C5001CFBB5 /* Products */;
			projectDirPath = "";
			projectRoot = "";
			targets = (
				DFFAA72E1DB744C5001CFBB5 /* ZeroLifeClient */,
			);
		};
/* End PBXProject section */

/* Begin PBXResourcesBuildPhase section */
		DFFAA72D1DB744C5001CFBB5 /* Resources */ = {
			isa = PBXResourcesBuildPhase;
			buildActionMask = 2147483647;
			files = (
				040917611DCC371D00DB2568 /* ZLSuperMarketShopActivityCell1.xib in Resources */,
				04D64D751DC9CCDC004E8859 /* ZLHomeOtherCell.xib in Resources */,
				040D92FF1DCAE84300DBE42E /* ZLHomeMsgDetailCell.xib in Resources */,
				04C6A37F1DCB08AF002C4D4A /* private_key.p12 in Resources */,
				0409178B1DCC919200DB2568 /* ZLSuperMarketShopRightCell.xib in Resources */,
				04D64D6D1DC9CCA5004E8859 /* ZLHomeLocationView.xib in Resources */,
				040917711DCC5E1000DB2568 /* ZLSuperMarketSearchView.xib in Resources */,
				0409175F1DCC336000DB2568 /* ZLSuperMarketShopCell.xib in Resources */,
				04C6A3801DCB08AF002C4D4A /* public_key.der in Resources */,
				040917521DCC1FE500DB2568 /* ZLSearchArearView.xib in Resources */,
				DFFAA7421DB744C5001CFBB5 /* LaunchScreen.storyboard in Resources */,
				040917841DCC904B00DB2568 /* ZLSuperMarketShopLeftCellType.xib in Resources */,
				040917681DCC39DE00DB2568 /* ZLSuperMarketHeaderSectionView.xib in Resources */,
				DFFAA73F1DB744C5001CFBB5 /* Assets.xcassets in Resources */,
				040D92FA1DCAE34E00DBE42E /* ZLHomeMSGCell.xib in Resources */,
				040917901DCCA9E800DB2568 /* ZLSuperMarketShopCarView.xib in Resources */,
				0409177F1DCC67A100DB2568 /* ZLSuperMarketHeaderView.xib in Resources */,
				04162DF91DCB2C9300FB4229 /* ZLHomeCoupCell.xib in Resources */,
				040917631DCC372A00DB2568 /* ZLSuperMarketShopActivityCell2.xib in Resources */,
				04D64D7C1DC9CDA4004E8859 /* ZlHomeCoupView.xib in Resources */,
				DFFAA73D1DB744C5001CFBB5 /* Main.storyboard in Resources */,
			);
			runOnlyForDeploymentPostprocessing = 0;
		};
/* End PBXResourcesBuildPhase section */

/* Begin PBXShellScriptBuildPhase section */
		50F0269C8C4AFB4E78A6B5D7 /* [CP] Check Pods Manifest.lock */ = {
			isa = PBXShellScriptBuildPhase;
			buildActionMask = 2147483647;
			files = (
			);
			inputPaths = (
			);
			name = "[CP] Check Pods Manifest.lock";
			outputPaths = (
			);
			runOnlyForDeploymentPostprocessing = 0;
			shellPath = /bin/sh;
			shellScript = "diff \"${PODS_ROOT}/../Podfile.lock\" \"${PODS_ROOT}/Manifest.lock\" > /dev/null\nif [[ $? != 0 ]] ; then\n    cat << EOM\nerror: The sandbox is not in sync with the Podfile.lock. Run 'pod install' or update your CocoaPods installation.\nEOM\n    exit 1\nfi\n";
			showEnvVarsInLog = 0;
		};
		632BB4D806504739987A7C6F /* 📦 Copy Pods Resources */ = {
			isa = PBXShellScriptBuildPhase;
			buildActionMask = 2147483647;
			files = (
			);
			inputPaths = (
			);
			name = "📦 Copy Pods Resources";
			outputPaths = (
			);
			runOnlyForDeploymentPostprocessing = 0;
			shellPath = /bin/sh;
			shellScript = "\"${SRCROOT}/Pods/Target Support Files/Pods-ZeroLifeClient/Pods-ZeroLifeClient-resources.sh\"\n";
			showEnvVarsInLog = 0;
		};
		BFA60780792CC5D9164A46E7 /* [CP] Embed Pods Frameworks */ = {
			isa = PBXShellScriptBuildPhase;
			buildActionMask = 2147483647;
			files = (
			);
			inputPaths = (
			);
			name = "[CP] Embed Pods Frameworks";
			outputPaths = (
			);
			runOnlyForDeploymentPostprocessing = 0;
			shellPath = /bin/sh;
			shellScript = "\"${SRCROOT}/Pods/Target Support Files/Pods-ZeroLifeClient/Pods-ZeroLifeClient-frameworks.sh\"\n";
			showEnvVarsInLog = 0;
		};
		C081A2D19A4A8F94205A70BD /* 📦 Embed Pods Frameworks */ = {
			isa = PBXShellScriptBuildPhase;
			buildActionMask = 2147483647;
			files = (
			);
			inputPaths = (
			);
			name = "📦 Embed Pods Frameworks";
			outputPaths = (
			);
			runOnlyForDeploymentPostprocessing = 0;
			shellPath = /bin/sh;
			shellScript = "\"${SRCROOT}/Pods/Target Support Files/Pods-ZeroLifeClient/Pods-ZeroLifeClient-frameworks.sh\"\n";
			showEnvVarsInLog = 0;
		};
		C6102D58DD01A614916C9396 /* [CP] Copy Pods Resources */ = {
			isa = PBXShellScriptBuildPhase;
			buildActionMask = 2147483647;
			files = (
			);
			inputPaths = (
			);
			name = "[CP] Copy Pods Resources";
			outputPaths = (
			);
			runOnlyForDeploymentPostprocessing = 0;
			shellPath = /bin/sh;
			shellScript = "\"${SRCROOT}/Pods/Target Support Files/Pods-ZeroLifeClient/Pods-ZeroLifeClient-resources.sh\"\n";
			showEnvVarsInLog = 0;
		};
		F1EAC3C068B69D6E51F2E512 /* [CP] Check Pods Manifest.lock */ = {
			isa = PBXShellScriptBuildPhase;
			buildActionMask = 2147483647;
			files = (
			);
			inputPaths = (
			);
			name = "[CP] Check Pods Manifest.lock";
			outputPaths = (
			);
			runOnlyForDeploymentPostprocessing = 0;
			shellPath = /bin/sh;
			shellScript = "diff \"${PODS_ROOT}/../Podfile.lock\" \"${PODS_ROOT}/Manifest.lock\" > /dev/null\nif [[ $? != 0 ]] ; then\n    cat << EOM\nerror: The sandbox is not in sync with the Podfile.lock. Run 'pod install' or update your CocoaPods installation.\nEOM\n    exit 1\nfi\n";
			showEnvVarsInLog = 0;
		};
		FA2F72B750A76F5318A85DA7 /* [CP] Check Pods Manifest.lock */ = {
			isa = PBXShellScriptBuildPhase;
			buildActionMask = 2147483647;
			files = (
			);
			inputPaths = (
			);
			name = "[CP] Check Pods Manifest.lock";
			outputPaths = (
			);
			runOnlyForDeploymentPostprocessing = 0;
			shellPath = /bin/sh;
			shellScript = "diff \"${PODS_ROOT}/../Podfile.lock\" \"${PODS_ROOT}/Manifest.lock\" > /dev/null\nif [[ $? != 0 ]] ; then\n    cat << EOM\nerror: The sandbox is not in sync with the Podfile.lock. Run 'pod install' or update your CocoaPods installation.\nEOM\n    exit 1\nfi\n";
			showEnvVarsInLog = 0;
		};
/* End PBXShellScriptBuildPhase section */

/* Begin PBXSourcesBuildPhase section */
		DFFAA72B1DB744C5001CFBB5 /* Sources */ = {
			isa = PBXSourcesBuildPhase;
			buildActionMask = 2147483647;
			files = (
				DF0308851DCD65C700E1EAB6 /* SystemSettingVC.m in Sources */,
				DFFAA7631DB744EF001CFBB5 /* UIView+AutoSize.m in Sources */,
				0409178E1DCCA9D500DB2568 /* ZLSuperMarketShopCarView.m in Sources */,
				DFF634C11DB873D200B5C917 /* ScrollModelVC.m in Sources */,
				DF5C49031DBA1BEC006E4825 /* DCPicScrollView.m in Sources */,
				040917511DCC1FE500DB2568 /* ZLSearchArearView.m in Sources */,
				04D64D741DC9CCDC004E8859 /* ZLHomeOtherCell.m in Sources */,
				04C6A3841DCB11A4002C4D4A /* UIViewExt.m in Sources */,
				DF7D0A1C1DBA0019005A62A7 /* CookCategoryTVC.m in Sources */,
				DFFAA7621DB744EF001CFBB5 /* APIObjectDefine.m in Sources */,
				DF0308911DCD69DC00E1EAB6 /* UIViewController+Additions.m in Sources */,
				04162DFF1DCB545200FB4229 /* ChineseToPinyin.m in Sources */,
				DF55B46F1DBAFEAC00F89341 /* ZLTabBarViewController.m in Sources */,
				040917661DCC39D400DB2568 /* ZLSuperMarketHeaderSectionView.m in Sources */,
				0409177D1DCC679900DB2568 /* ZLSuperMarketHeaderView.m in Sources */,
				DF7D0A231DBA0023005A62A7 /* ImageTextTableViewCell.m in Sources */,
				DF7D0A1D1DBA0019005A62A7 /* CookTVC.m in Sources */,
				0409175A1DCC313500DB2568 /* ZLSupMarketCell.m in Sources */,
				DF55B4671DBAFE6D00F89341 /* ZLPurseViewController.m in Sources */,
				DF55B4701DBAFEAC00F89341 /* ZLNavViewController.m in Sources */,
				0409178A1DCC919200DB2568 /* ZLSuperMarketShopRightCell.m in Sources */,
				04162E001DCB545200FB4229 /* HeaderView.m in Sources */,
				DF55B4611DBAFE5800F89341 /* ZLCookViewController.m in Sources */,
				DF0308881DCD67ED00E1EAB6 /* UserInfoVC.m in Sources */,
				DFFAA7641DB744EF001CFBB5 /* CustomScrollVC.m in Sources */,
				DF03088E1DCD698900E1EAB6 /* NSObject+PickPhoto.m in Sources */,
				DFFAA73A1DB744C5001CFBB5 /* ViewController.m in Sources */,
				DF55B4641DBAFE6000F89341 /* ZLHomeViewController.m in Sources */,
				040917831DCC904B00DB2568 /* ZLSuperMarketShopLeftCellType.m in Sources */,
				DFFAA7371DB744C5001CFBB5 /* AppDelegate.m in Sources */,
				DF03088D1DCD698900E1EAB6 /* QUPickPhoto.m in Sources */,
				040D92F91DCAE34E00DBE42E /* ZLHomeMSGCell.m in Sources */,
				04D64D641DC9C16D004E8859 /* ZLSelectArearViewController.m in Sources */,
				040917561DCC2C1A00DB2568 /* ZLSuperMarketViewController.m in Sources */,
				04D64D681DC9CC7B004E8859 /* ZLCustomBtnView.m in Sources */,
				DF7D0A151DB9FFF0005A62A7 /* APIClient.m in Sources */,
				04C6A3761DCB0874002C4D4A /* keyChain.m in Sources */,
				04C6A37E1DCB08AF002C4D4A /* NSData+Base64.m in Sources */,
				DFFAA7651DB744EF001CFBB5 /* CustomVC.m in Sources */,
				0409176F1DCC5E0700DB2568 /* ZLSuperMarketSearchView.m in Sources */,
				04D64D7A1DC9CD35004E8859 /* ZLHomeCoupView.m in Sources */,
				04C6A3811DCB08AF002C4D4A /* RSAEncryptor.m in Sources */,
				040D92F41DCAE15300DBE42E /* ZLHomeMessageViewController.m in Sources */,
				040917751DCC60FA00DB2568 /* ZLSuperMarketSearchViewController.m in Sources */,
				04D64D761DC9CCDC004E8859 /* ZLHomeScrollerTableViewCell.m in Sources */,
				040D92FD1DCAE82000DBE42E /* ZLHomeMessageDetailViewController.m in Sources */,
				04162DF81DCB2C9300FB4229 /* ZLHomeCoupCell.m in Sources */,
				04D64D6C1DC9CCA5004E8859 /* ZLHomeLocationView.m in Sources */,
				0409176C1DCC55C300DB2568 /* RKImageBrowser.m in Sources */,
				DFFAA7341DB744C5001CFBB5 /* main.m in Sources */,
				0409175E1DCC336000DB2568 /* ZLSuperMarketShopCell.m in Sources */,
				040917791DCC664300DB2568 /* ZLSuperMarketShopViewController.m in Sources */,
				DF7D0A1E1DBA0019005A62A7 /* CookDetailVC.m in Sources */,
				DF55B46A1DBAFE7700F89341 /* ZLUserViewController.m in Sources */,
				DF7D0A241DBA0023005A62A7 /* TagsTableCell.m in Sources */,
				DF5C49041DBA1BEC006E4825 /* DCWebImageManager.m in Sources */,
				04C6A3731DCB07B9002C4D4A /* Util.m in Sources */,
			);
			runOnlyForDeploymentPostprocessing = 0;
		};
/* End PBXSourcesBuildPhase section */

/* Begin PBXVariantGroup section */
		DFFAA73B1DB744C5001CFBB5 /* Main.storyboard */ = {
			isa = PBXVariantGroup;
			children = (
				DFFAA73C1DB744C5001CFBB5 /* Base */,
			);
			name = Main.storyboard;
			sourceTree = "<group>";
		};
		DFFAA7401DB744C5001CFBB5 /* LaunchScreen.storyboard */ = {
			isa = PBXVariantGroup;
			children = (
				DFFAA7411DB744C5001CFBB5 /* Base */,
			);
			name = LaunchScreen.storyboard;
			sourceTree = "<group>";
		};
/* End PBXVariantGroup section */

/* Begin XCBuildConfiguration section */
		DFFAA7441DB744C5001CFBB5 /* Debug */ = {
			isa = XCBuildConfiguration;
			buildSettings = {
				ALWAYS_SEARCH_USER_PATHS = NO;
				CLANG_ANALYZER_NONNULL = YES;
				CLANG_CXX_LANGUAGE_STANDARD = "gnu++0x";
				CLANG_CXX_LIBRARY = "libc++";
				CLANG_ENABLE_MODULES = YES;
				CLANG_ENABLE_OBJC_ARC = YES;
				CLANG_WARN_BOOL_CONVERSION = YES;
				CLANG_WARN_CONSTANT_CONVERSION = YES;
				CLANG_WARN_DIRECT_OBJC_ISA_USAGE = YES_ERROR;
				CLANG_WARN_DOCUMENTATION_COMMENTS = YES;
				CLANG_WARN_EMPTY_BODY = YES;
				CLANG_WARN_ENUM_CONVERSION = YES;
				CLANG_WARN_INFINITE_RECURSION = YES;
				CLANG_WARN_INT_CONVERSION = YES;
				CLANG_WARN_OBJC_ROOT_CLASS = YES_ERROR;
				CLANG_WARN_SUSPICIOUS_MOVES = YES;
				CLANG_WARN_UNREACHABLE_CODE = YES;
				CLANG_WARN__DUPLICATE_METHOD_MATCH = YES;
				"CODE_SIGN_IDENTITY[sdk=iphoneos*]" = "iPhone Developer";
				COPY_PHASE_STRIP = NO;
				DEBUG_INFORMATION_FORMAT = dwarf;
				ENABLE_STRICT_OBJC_MSGSEND = YES;
				ENABLE_TESTABILITY = YES;
				GCC_C_LANGUAGE_STANDARD = gnu99;
				GCC_DYNAMIC_NO_PIC = NO;
				GCC_NO_COMMON_BLOCKS = YES;
				GCC_OPTIMIZATION_LEVEL = 0;
				GCC_PREPROCESSOR_DEFINITIONS = (
					"DEBUG=1",
					"$(inherited)",
				);
				GCC_WARN_64_TO_32_BIT_CONVERSION = YES;
				GCC_WARN_ABOUT_RETURN_TYPE = YES_ERROR;
				GCC_WARN_UNDECLARED_SELECTOR = YES;
				GCC_WARN_UNINITIALIZED_AUTOS = YES_AGGRESSIVE;
				GCC_WARN_UNUSED_FUNCTION = YES;
				GCC_WARN_UNUSED_VARIABLE = YES;
				IPHONEOS_DEPLOYMENT_TARGET = 8.0;
				MTL_ENABLE_DEBUG_INFO = YES;
				ONLY_ACTIVE_ARCH = YES;
				SDKROOT = iphoneos;
			};
			name = Debug;
		};
		DFFAA7451DB744C5001CFBB5 /* Release */ = {
			isa = XCBuildConfiguration;
			buildSettings = {
				ALWAYS_SEARCH_USER_PATHS = NO;
				CLANG_ANALYZER_NONNULL = YES;
				CLANG_CXX_LANGUAGE_STANDARD = "gnu++0x";
				CLANG_CXX_LIBRARY = "libc++";
				CLANG_ENABLE_MODULES = YES;
				CLANG_ENABLE_OBJC_ARC = YES;
				CLANG_WARN_BOOL_CONVERSION = YES;
				CLANG_WARN_CONSTANT_CONVERSION = YES;
				CLANG_WARN_DIRECT_OBJC_ISA_USAGE = YES_ERROR;
				CLANG_WARN_DOCUMENTATION_COMMENTS = YES;
				CLANG_WARN_EMPTY_BODY = YES;
				CLANG_WARN_ENUM_CONVERSION = YES;
				CLANG_WARN_INFINITE_RECURSION = YES;
				CLANG_WARN_INT_CONVERSION = YES;
				CLANG_WARN_OBJC_ROOT_CLASS = YES_ERROR;
				CLANG_WARN_SUSPICIOUS_MOVES = YES;
				CLANG_WARN_UNREACHABLE_CODE = YES;
				CLANG_WARN__DUPLICATE_METHOD_MATCH = YES;
				"CODE_SIGN_IDENTITY[sdk=iphoneos*]" = "iPhone Developer";
				COPY_PHASE_STRIP = NO;
				DEBUG_INFORMATION_FORMAT = "dwarf-with-dsym";
				ENABLE_NS_ASSERTIONS = NO;
				ENABLE_STRICT_OBJC_MSGSEND = YES;
				GCC_C_LANGUAGE_STANDARD = gnu99;
				GCC_NO_COMMON_BLOCKS = YES;
				GCC_WARN_64_TO_32_BIT_CONVERSION = YES;
				GCC_WARN_ABOUT_RETURN_TYPE = YES_ERROR;
				GCC_WARN_UNDECLARED_SELECTOR = YES;
				GCC_WARN_UNINITIALIZED_AUTOS = YES_AGGRESSIVE;
				GCC_WARN_UNUSED_FUNCTION = YES;
				GCC_WARN_UNUSED_VARIABLE = YES;
				IPHONEOS_DEPLOYMENT_TARGET = 8.0;
				MTL_ENABLE_DEBUG_INFO = NO;
				SDKROOT = iphoneos;
				VALIDATE_PRODUCT = YES;
			};
			name = Release;
		};
		DFFAA7471DB744C5001CFBB5 /* Debug */ = {
			isa = XCBuildConfiguration;
			baseConfigurationReference = DFF2BA083AFD4D1DD56A8848 /* Pods-ZeroLifeClient.debug.xcconfig */;
			buildSettings = {
				ASSETCATALOG_COMPILER_APPICON_NAME = AppIcon;
				CODE_SIGN_ENTITLEMENTS = ZeroLifeClient/ZeroLifeClient.entitlements;
				DEVELOPMENT_TEAM = 5FKH22H2X2;
				ENABLE_BITCODE = NO;
				GCC_PREFIX_HEADER = "$(SRCROOT)/ZeroLifeClient/ZeroLifeClient-Prefix.pch";
				INFOPLIST_FILE = ZeroLifeClient/Info.plist;
				LD_RUNPATH_SEARCH_PATHS = "$(inherited) @executable_path/Frameworks";
				PRODUCT_BUNDLE_IDENTIFIER = com.chaoer.ZeroLifeClient;
				PRODUCT_NAME = "$(TARGET_NAME)";
			};
			name = Debug;
		};
		DFFAA7481DB744C5001CFBB5 /* Release */ = {
			isa = XCBuildConfiguration;
			baseConfigurationReference = 26781393B9810BF63F686EF1 /* Pods-ZeroLifeClient.release.xcconfig */;
			buildSettings = {
				ASSETCATALOG_COMPILER_APPICON_NAME = AppIcon;
				CODE_SIGN_ENTITLEMENTS = ZeroLifeClient/ZeroLifeClient.entitlements;
				DEVELOPMENT_TEAM = 5FKH22H2X2;
				ENABLE_BITCODE = NO;
				GCC_PREFIX_HEADER = "$(SRCROOT)/ZeroLifeClient/ZeroLifeClient-Prefix.pch";
				INFOPLIST_FILE = ZeroLifeClient/Info.plist;
				LD_RUNPATH_SEARCH_PATHS = "$(inherited) @executable_path/Frameworks";
				PRODUCT_BUNDLE_IDENTIFIER = com.chaoer.ZeroLifeClient;
				PRODUCT_NAME = "$(TARGET_NAME)";
			};
			name = Release;
		};
/* End XCBuildConfiguration section */

/* Begin XCConfigurationList section */
		DFFAA72A1DB744C5001CFBB5 /* Build configuration list for PBXProject "ZeroLifeClient" */ = {
			isa = XCConfigurationList;
			buildConfigurations = (
				DFFAA7441DB744C5001CFBB5 /* Debug */,
				DFFAA7451DB744C5001CFBB5 /* Release */,
			);
			defaultConfigurationIsVisible = 0;
			defaultConfigurationName = Release;
		};
		DFFAA7461DB744C5001CFBB5 /* Build configuration list for PBXNativeTarget "ZeroLifeClient" */ = {
			isa = XCConfigurationList;
			buildConfigurations = (
				DFFAA7471DB744C5001CFBB5 /* Debug */,
				DFFAA7481DB744C5001CFBB5 /* Release */,
			);
			defaultConfigurationIsVisible = 0;
			defaultConfigurationName = Release;
		};
/* End XCConfigurationList section */
	};
	rootObject = DFFAA7271DB744C5001CFBB5 /* Project object */;
}
